PODS:
  - MJRefresh (3.1.12)
  - SVProgressHUD (2.0.3)

DEPENDENCIES:
  - MJRefresh
  - SVProgressHUD

SPEC CHECKSUMS:
  MJRefresh: b96cdb21c4aa75a7b07654311ab2f315c497e806
  SVProgressHUD: b0830714205bea1317ea1a2ebc71e5633af334d4

PODFILE CHECKSUM: 3ca3ea2f2039d620d5f5fa79cba3a4e6484e4790

COCOAPODS: 1.0.1
