PODS:
  - MJRefresh (3.1.12)
  - SVProgressHUD (2.0.3)

DEPENDENCIES:
  - MJRefresh
  - SVProgressHUD

SPEC CHECKSUMS:
  MJRefresh: b96cdb21c4aa75a7b07654311ab2f315c497e806
  SVProgressHUD: b0830714205bea1317ea1a2ebc71e5633af334d4

PODFILE CHECKSUM: 5c38396ab558719c92dde329d3eb91e8cd26abe5

COCOAPODS: 1.0.1
