// !$*UTF8*$!
{
	archiveVersion = 1;
	classes = {
	};
	objectVersion = 46;
	objects = {

/* Begin PBXBuildFile section */
		74DCFB49F48684611C4DF359 /* Pods_BeeQuick.framework in Frameworks */ = {isa = PBXBuildFile; fileRef = B87ED703511EABF6910E6EB5 /* Pods_BeeQuick.framework */; };
		E20F74481DAD2E57007A36B9 /* supermarket in Resources */ = {isa = PBXBuildFile; fileRef = E20F74471DAD2E57007A36B9 /* supermarket */; };
		E22791051DA61C68006ABBB5 /* MinePlist.plist in Resources */ = {isa = PBXBuildFile; fileRef = E22791041DA61C68006ABBB5 /* MinePlist.plist */; };
		E22B15FE1DA39B2C0077B4A8 /* AppDelegate.swift in Sources */ = {isa = PBXBuildFile; fileRef = E22B15FD1DA39B2C0077B4A8 /* AppDelegate.swift */; };
		E22B16051DA39B2C0077B4A8 /* Assets.xcassets in Resources */ = {isa = PBXBuildFile; fileRef = E22B16041DA39B2C0077B4A8 /* Assets.xcassets */; };
		E24BB05B1DAB2C01005FC444 /* CategoryCell.swift in Sources */ = {isa = PBXBuildFile; fileRef = E24BB05A1DAB2C01005FC444 /* CategoryCell.swift */; };
		E24BB05E1DAB30A0005FC444 /* Supermarket.swift in Sources */ = {isa = PBXBuildFile; fileRef = E24BB05D1DAB30A0005FC444 /* Supermarket.swift */; };
		E25A7D751DA88F80005DC90E /* 促销 in Resources */ = {isa = PBXBuildFile; fileRef = E25A7D711DA88F80005DC90E /* 促销 */; };
		E25A7D761DA88F80005DC90E /* 首页焦点按钮 in Resources */ = {isa = PBXBuildFile; fileRef = E25A7D721DA88F80005DC90E /* 首页焦点按钮 */; };
		E25A7D771DA88F80005DC90E /* 首页新鲜热卖 in Resources */ = {isa = PBXBuildFile; fileRef = E25A7D731DA88F80005DC90E /* 首页新鲜热卖 */; };
		E25A7D781DA88F80005DC90E /* AD in Resources */ = {isa = PBXBuildFile; fileRef = E25A7D741DA88F80005DC90E /* AD */; };
		E25A7D7C1DA88FD4005DC90E /* HomeTableHeadView.swift in Sources */ = {isa = PBXBuildFile; fileRef = E25A7D791DA88FD4005DC90E /* HomeTableHeadView.swift */; };
		E25A7D7D1DA88FD4005DC90E /* HomeViewController.swift in Sources */ = {isa = PBXBuildFile; fileRef = E25A7D7A1DA88FD4005DC90E /* HomeViewController.swift */; };
		E25A7D7E1DA88FD4005DC90E /* HotView.swift in Sources */ = {isa = PBXBuildFile; fileRef = E25A7D7B1DA88FD4005DC90E /* HotView.swift */; };
		E25A7D801DA88FE5005DC90E /* HeadResources.swift in Sources */ = {isa = PBXBuildFile; fileRef = E25A7D7F1DA88FE5005DC90E /* HeadResources.swift */; };
		E2718F371DA8944F0087CE71 /* HomeCell.swift in Sources */ = {isa = PBXBuildFile; fileRef = E2718F351DA8944F0087CE71 /* HomeCell.swift */; };
		E2718F381DA8944F0087CE71 /* IconImageTextView.swift in Sources */ = {isa = PBXBuildFile; fileRef = E2718F361DA8944F0087CE71 /* IconImageTextView.swift */; };
		E2718F3A1DA894580087CE71 /* FreshHot.swift in Sources */ = {isa = PBXBuildFile; fileRef = E2718F391DA894580087CE71 /* FreshHot.swift */; };
		E27E61351DA78266003FE234 /* SwiftDictModel.swift in Sources */ = {isa = PBXBuildFile; fileRef = E27E61341DA78266003FE234 /* SwiftDictModel.swift */; };
		E2B059EC1DA490B20026DF8D /* Color+Extension.swift in Sources */ = {isa = PBXBuildFile; fileRef = E2B059EB1DA490B20026DF8D /* Color+Extension.swift */; };
		E2B059EF1DA491890026DF8D /* UIView+Extension.swift in Sources */ = {isa = PBXBuildFile; fileRef = E2B059EE1DA491890026DF8D /* UIView+Extension.swift */; };
		E2B059F11DA491B20026DF8D /* UIBarButtonItem+Extension.swift in Sources */ = {isa = PBXBuildFile; fileRef = E2B059F01DA491B20026DF8D /* UIBarButtonItem+Extension.swift */; };
		E2B059F41DA4921D0026DF8D /* Theme.swift in Sources */ = {isa = PBXBuildFile; fileRef = E2B059F31DA4921D0026DF8D /* Theme.swift */; };
		E2B059FD1DA493280026DF8D /* BaseViewController.swift in Sources */ = {isa = PBXBuildFile; fileRef = E2B059FC1DA493280026DF8D /* BaseViewController.swift */; };
		E2B059FF1DA493930026DF8D /* BaseNavigationController.swift in Sources */ = {isa = PBXBuildFile; fileRef = E2B059FE1DA493930026DF8D /* BaseNavigationController.swift */; };
		E2B05A011DA493C50026DF8D /* UpImageDownTextButton.swift in Sources */ = {isa = PBXBuildFile; fileRef = E2B05A001DA493C50026DF8D /* UpImageDownTextButton.swift */; };
		E2B05A031DA49D990026DF8D /* MainViewController.swift in Sources */ = {isa = PBXBuildFile; fileRef = E2B05A021DA49D990026DF8D /* MainViewController.swift */; };
		E2B05A051DA4A1010026DF8D /* MineViewController.swift in Sources */ = {isa = PBXBuildFile; fileRef = E2B05A041DA4A1010026DF8D /* MineViewController.swift */; };
		E2B05A0B1DA4A6370026DF8D /* MineCell.swift in Sources */ = {isa = PBXBuildFile; fileRef = E2B05A0A1DA4A6370026DF8D /* MineCell.swift */; };
		E2B05A0E1DA4A6540026DF8D /* MineHeadView.swift in Sources */ = {isa = PBXBuildFile; fileRef = E2B05A0C1DA4A6540026DF8D /* MineHeadView.swift */; };
		E2B05A0F1DA4A6540026DF8D /* MineTabeHeadView.swift in Sources */ = {isa = PBXBuildFile; fileRef = E2B05A0D1DA4A6540026DF8D /* MineTabeHeadView.swift */; };
		E2B05A141DA4BFAB0026DF8D /* ShopCartViewController.swift in Sources */ = {isa = PBXBuildFile; fileRef = E2B05A131DA4BFAB0026DF8D /* ShopCartViewController.swift */; };
		E2B05A161DA4BFE60026DF8D /* ScheduleViewController.swift in Sources */ = {isa = PBXBuildFile; fileRef = E2B05A151DA4BFE60026DF8D /* ScheduleViewController.swift */; };
		E2B05A181DA4C01E0026DF8D /* SupermarketViewController.swift in Sources */ = {isa = PBXBuildFile; fileRef = E2B05A171DA4C01E0026DF8D /* SupermarketViewController.swift */; };
		E2B621D91DAE0C3A007F97D2 /* LFBCollectionView.swift in Sources */ = {isa = PBXBuildFile; fileRef = E2B621D81DAE0C3A007F97D2 /* LFBCollectionView.swift */; };
		E2B621DB1DAE0C62007F97D2 /* UIImage + Extension.swift in Sources */ = {isa = PBXBuildFile; fileRef = E2B621DA1DAE0C62007F97D2 /* UIImage + Extension.swift */; };
		E2B621DD1DAE0E1E007F97D2 /* LFBTableView.swift in Sources */ = {isa = PBXBuildFile; fileRef = E2B621DC1DAE0E1E007F97D2 /* LFBTableView.swift */; };
		E2B621DF1DAE0E78007F97D2 /* ShopCarRedDotView.swift in Sources */ = {isa = PBXBuildFile; fileRef = E2B621DE1DAE0E78007F97D2 /* ShopCarRedDotView.swift */; };
		E2B621E11DAE11CD007F97D2 /* ProductCell.swift in Sources */ = {isa = PBXBuildFile; fileRef = E2B621E01DAE11CD007F97D2 /* ProductCell.swift */; };
		E2B621E31DAE1203007F97D2 /* ProductsViewController.swift in Sources */ = {isa = PBXBuildFile; fileRef = E2B621E21DAE1203007F97D2 /* ProductsViewController.swift */; };
		E2B621E51DAE1291007F97D2 /* SupermarketHeadView.swift in Sources */ = {isa = PBXBuildFile; fileRef = E2B621E41DAE1291007F97D2 /* SupermarketHeadView.swift */; };
		E2B621E71DAE133B007F97D2 /* UserShopCarTool.swift in Sources */ = {isa = PBXBuildFile; fileRef = E2B621E61DAE133B007F97D2 /* UserShopCarTool.swift */; };
		E2E084B11DA8C9EF0067FE52 /* HomeCollectionFooterView.swift in Sources */ = {isa = PBXBuildFile; fileRef = E2E084B01DA8C9EF0067FE52 /* HomeCollectionFooterView.swift */; };
		E2E084B31DA8CC3A0067FE52 /* BuyView.swift in Sources */ = {isa = PBXBuildFile; fileRef = E2E084B21DA8CC3A0067FE52 /* BuyView.swift */; };
		E2E084B51DA8CC6E0067FE52 /* DiscountPriceView.swift in Sources */ = {isa = PBXBuildFile; fileRef = E2E084B41DA8CC6E0067FE52 /* DiscountPriceView.swift */; };
		E2E084B71DA8CCDD0067FE52 /* String + Extension.swift in Sources */ = {isa = PBXBuildFile; fileRef = E2E084B61DA8CCDD0067FE52 /* String + Extension.swift */; };
		E2E084B91DA8CD030067FE52 /* ProgressHUDManager.swift in Sources */ = {isa = PBXBuildFile; fileRef = E2E084B81DA8CD030067FE52 /* ProgressHUDManager.swift */; };
		E2E084DC1DA8CDE30067FE52 /* MKAnnotationView+WebCache.m in Sources */ = {isa = PBXBuildFile; fileRef = E2E084BC1DA8CDE30067FE52 /* MKAnnotationView+WebCache.m */; };
		E2E084DD1DA8CDE30067FE52 /* NSData+ImageContentType.m in Sources */ = {isa = PBXBuildFile; fileRef = E2E084BE1DA8CDE30067FE52 /* NSData+ImageContentType.m */; };
		E2E084DE1DA8CDE30067FE52 /* SDImageCache.m in Sources */ = {isa = PBXBuildFile; fileRef = E2E084C01DA8CDE30067FE52 /* SDImageCache.m */; };
		E2E084DF1DA8CDE30067FE52 /* SDWebImageCompat.m in Sources */ = {isa = PBXBuildFile; fileRef = E2E084C21DA8CDE30067FE52 /* SDWebImageCompat.m */; };
		E2E084E01DA8CDE30067FE52 /* SDWebImageDecoder.m in Sources */ = {isa = PBXBuildFile; fileRef = E2E084C41DA8CDE30067FE52 /* SDWebImageDecoder.m */; };
		E2E084E11DA8CDE30067FE52 /* SDWebImageDownloader.m in Sources */ = {isa = PBXBuildFile; fileRef = E2E084C61DA8CDE30067FE52 /* SDWebImageDownloader.m */; };
		E2E084E21DA8CDE30067FE52 /* SDWebImageDownloaderOperation.m in Sources */ = {isa = PBXBuildFile; fileRef = E2E084C81DA8CDE30067FE52 /* SDWebImageDownloaderOperation.m */; };
		E2E084E31DA8CDE30067FE52 /* SDWebImageManager.m in Sources */ = {isa = PBXBuildFile; fileRef = E2E084CA1DA8CDE30067FE52 /* SDWebImageManager.m */; };
		E2E084E41DA8CDE30067FE52 /* SDWebImagePrefetcher.m in Sources */ = {isa = PBXBuildFile; fileRef = E2E084CD1DA8CDE30067FE52 /* SDWebImagePrefetcher.m */; };
		E2E084E51DA8CDE30067FE52 /* UIButton+WebCache.m in Sources */ = {isa = PBXBuildFile; fileRef = E2E084CF1DA8CDE30067FE52 /* UIButton+WebCache.m */; };
		E2E084E61DA8CDE30067FE52 /* UIImage+GIF.m in Sources */ = {isa = PBXBuildFile; fileRef = E2E084D11DA8CDE30067FE52 /* UIImage+GIF.m */; };
		E2E084E71DA8CDE30067FE52 /* UIImage+MultiFormat.m in Sources */ = {isa = PBXBuildFile; fileRef = E2E084D31DA8CDE30067FE52 /* UIImage+MultiFormat.m */; };
		E2E084E81DA8CDE30067FE52 /* UIImage+WebP.m in Sources */ = {isa = PBXBuildFile; fileRef = E2E084D51DA8CDE30067FE52 /* UIImage+WebP.m */; };
		E2E084E91DA8CDE30067FE52 /* UIImageView+HighlightedWebCache.m in Sources */ = {isa = PBXBuildFile; fileRef = E2E084D71DA8CDE30067FE52 /* UIImageView+HighlightedWebCache.m */; };
		E2E084EA1DA8CDE30067FE52 /* UIImageView+WebCache.m in Sources */ = {isa = PBXBuildFile; fileRef = E2E084D91DA8CDE30067FE52 /* UIImageView+WebCache.m */; };
		E2E084EB1DA8CDE30067FE52 /* UIView+WebCacheOperation.m in Sources */ = {isa = PBXBuildFile; fileRef = E2E084DB1DA8CDE30067FE52 /* UIView+WebCacheOperation.m */; };
		E2FDF19A1DA637AE00B8A301 /* PageScrollView.swift in Sources */ = {isa = PBXBuildFile; fileRef = E2FDF1991DA637AE00B8A301 /* PageScrollView.swift */; };
		E2FDF1AB1DA63FC800B8A301 /* RAMBounceAnimation.swift in Sources */ = {isa = PBXBuildFile; fileRef = E2FDF19E1DA63FC800B8A301 /* RAMBounceAnimation.swift */; };
		E2FDF1AC1DA63FC800B8A301 /* RAMFrameItemAnimation.swift in Sources */ = {isa = PBXBuildFile; fileRef = E2FDF1A01DA63FC800B8A301 /* RAMFrameItemAnimation.swift */; };
		E2FDF1AD1DA63FC800B8A301 /* RAMFumeAnimation.swift in Sources */ = {isa = PBXBuildFile; fileRef = E2FDF1A21DA63FC800B8A301 /* RAMFumeAnimation.swift */; };
		E2FDF1AE1DA63FC800B8A301 /* RAMRotationAnimation.swift in Sources */ = {isa = PBXBuildFile; fileRef = E2FDF1A41DA63FC800B8A301 /* RAMRotationAnimation.swift */; };
		E2FDF1AF1DA63FC800B8A301 /* RAMTransitionItemAnimations.swift in Sources */ = {isa = PBXBuildFile; fileRef = E2FDF1A61DA63FC800B8A301 /* RAMTransitionItemAnimations.swift */; };
		E2FDF1B11DA63FC800B8A301 /* RAMBadge.swift in Sources */ = {isa = PBXBuildFile; fileRef = E2FDF1A91DA63FC800B8A301 /* RAMBadge.swift */; };
		E2FDF1B21DA63FC800B8A301 /* RAMItemAnimationProtocol.swift in Sources */ = {isa = PBXBuildFile; fileRef = E2FDF1AA1DA63FC800B8A301 /* RAMItemAnimationProtocol.swift */; };
		E2FDF1B41DA6404F00B8A301 /* RAMAnimatedTabBarController.swift in Sources */ = {isa = PBXBuildFile; fileRef = E2FDF1B31DA6404F00B8A301 /* RAMAnimatedTabBarController.swift */; };
/* End PBXBuildFile section */

/* Begin PBXFileReference section */
		08F32452381760B8E967661D /* Pods-BeeQuick.debug.xcconfig */ = {isa = PBXFileReference; includeInIndex = 1; lastKnownFileType = text.xcconfig; name = "Pods-BeeQuick.debug.xcconfig"; path = "Pods/Target Support Files/Pods-BeeQuick/Pods-BeeQuick.debug.xcconfig"; sourceTree = "<group>"; };
		7F8FE54073DEE97D18C042EB /* Pods-BeeQuick.release.xcconfig */ = {isa = PBXFileReference; includeInIndex = 1; lastKnownFileType = text.xcconfig; name = "Pods-BeeQuick.release.xcconfig"; path = "Pods/Target Support Files/Pods-BeeQuick/Pods-BeeQuick.release.xcconfig"; sourceTree = "<group>"; };
		B87ED703511EABF6910E6EB5 /* Pods_BeeQuick.framework */ = {isa = PBXFileReference; explicitFileType = wrapper.framework; includeInIndex = 0; path = Pods_BeeQuick.framework; sourceTree = BUILT_PRODUCTS_DIR; };
		E20F74471DAD2E57007A36B9 /* supermarket */ = {isa = PBXFileReference; fileEncoding = 4; lastKnownFileType = text; name = supermarket; path = Class/Resouce/supermarket; sourceTree = "<group>"; };
		E22791041DA61C68006ABBB5 /* MinePlist.plist */ = {isa = PBXFileReference; fileEncoding = 4; lastKnownFileType = text.plist.xml; name = MinePlist.plist; path = Class/Resouce/MinePlist.plist; sourceTree = "<group>"; };
		E22B15FA1DA39B2C0077B4A8 /* BeeQuick.app */ = {isa = PBXFileReference; explicitFileType = wrapper.application; includeInIndex = 0; path = BeeQuick.app; sourceTree = BUILT_PRODUCTS_DIR; };
		E22B15FD1DA39B2C0077B4A8 /* AppDelegate.swift */ = {isa = PBXFileReference; lastKnownFileType = sourcecode.swift; path = AppDelegate.swift; sourceTree = "<group>"; };
		E22B16041DA39B2C0077B4A8 /* Assets.xcassets */ = {isa = PBXFileReference; lastKnownFileType = folder.assetcatalog; path = Assets.xcassets; sourceTree = "<group>"; };
		E22B16091DA39B2C0077B4A8 /* Info.plist */ = {isa = PBXFileReference; lastKnownFileType = text.plist.xml; path = Info.plist; sourceTree = "<group>"; };
		E24BB05A1DAB2C01005FC444 /* CategoryCell.swift */ = {isa = PBXFileReference; fileEncoding = 4; lastKnownFileType = sourcecode.swift; name = CategoryCell.swift; path = Class/SuperMarket/CategoryCell.swift; sourceTree = "<group>"; };
		E24BB05D1DAB30A0005FC444 /* Supermarket.swift */ = {isa = PBXFileReference; fileEncoding = 4; lastKnownFileType = sourcecode.swift; name = Supermarket.swift; path = Class/SuperMarket/Model/Supermarket.swift; sourceTree = "<group>"; };
		E25A7D711DA88F80005DC90E /* 促销 */ = {isa = PBXFileReference; fileEncoding = 4; lastKnownFileType = text; name = "促销"; path = "Class/Resouce/促销"; sourceTree = "<group>"; };
		E25A7D721DA88F80005DC90E /* 首页焦点按钮 */ = {isa = PBXFileReference; fileEncoding = 4; lastKnownFileType = text; name = "首页焦点按钮"; path = "Class/Resouce/首页焦点按钮"; sourceTree = "<group>"; };
		E25A7D731DA88F80005DC90E /* 首页新鲜热卖 */ = {isa = PBXFileReference; fileEncoding = 4; lastKnownFileType = text; name = "首页新鲜热卖"; path = "Class/Resouce/首页新鲜热卖"; sourceTree = "<group>"; };
		E25A7D741DA88F80005DC90E /* AD */ = {isa = PBXFileReference; fileEncoding = 4; lastKnownFileType = text; name = AD; path = Class/Resouce/AD; sourceTree = "<group>"; };
		E25A7D791DA88FD4005DC90E /* HomeTableHeadView.swift */ = {isa = PBXFileReference; fileEncoding = 4; lastKnownFileType = sourcecode.swift; name = HomeTableHeadView.swift; path = Class/Home/HomeTableHeadView.swift; sourceTree = "<group>"; };
		E25A7D7A1DA88FD4005DC90E /* HomeViewController.swift */ = {isa = PBXFileReference; fileEncoding = 4; lastKnownFileType = sourcecode.swift; name = HomeViewController.swift; path = Class/Home/HomeViewController.swift; sourceTree = "<group>"; };
		E25A7D7B1DA88FD4005DC90E /* HotView.swift */ = {isa = PBXFileReference; fileEncoding = 4; lastKnownFileType = sourcecode.swift; name = HotView.swift; path = Class/Home/HotView.swift; sourceTree = "<group>"; };
		E25A7D7F1DA88FE5005DC90E /* HeadResources.swift */ = {isa = PBXFileReference; fileEncoding = 4; lastKnownFileType = sourcecode.swift; name = HeadResources.swift; path = Class/Home/Model/HeadResources.swift; sourceTree = "<group>"; };
		E2718F351DA8944F0087CE71 /* HomeCell.swift */ = {isa = PBXFileReference; fileEncoding = 4; lastKnownFileType = sourcecode.swift; name = HomeCell.swift; path = Class/Home/HomeCell.swift; sourceTree = "<group>"; };
		E2718F361DA8944F0087CE71 /* IconImageTextView.swift */ = {isa = PBXFileReference; fileEncoding = 4; lastKnownFileType = sourcecode.swift; name = IconImageTextView.swift; path = Class/Home/IconImageTextView.swift; sourceTree = "<group>"; };
		E2718F391DA894580087CE71 /* FreshHot.swift */ = {isa = PBXFileReference; fileEncoding = 4; lastKnownFileType = sourcecode.swift; name = FreshHot.swift; path = Class/Home/Model/FreshHot.swift; sourceTree = "<group>"; };
		E27E61341DA78266003FE234 /* SwiftDictModel.swift */ = {isa = PBXFileReference; fileEncoding = 4; lastKnownFileType = sourcecode.swift; name = SwiftDictModel.swift; path = Class/Tools/SwiftDictModel.swift; sourceTree = "<group>"; };
		E2B059EB1DA490B20026DF8D /* Color+Extension.swift */ = {isa = PBXFileReference; fileEncoding = 4; lastKnownFileType = sourcecode.swift; name = "Color+Extension.swift"; path = "Class/Extension/Color+Extension.swift"; sourceTree = "<group>"; };
		E2B059EE1DA491890026DF8D /* UIView+Extension.swift */ = {isa = PBXFileReference; fileEncoding = 4; lastKnownFileType = sourcecode.swift; name = "UIView+Extension.swift"; path = "Class/Extension/UIView+Extension.swift"; sourceTree = "<group>"; };
		E2B059F01DA491B20026DF8D /* UIBarButtonItem+Extension.swift */ = {isa = PBXFileReference; fileEncoding = 4; lastKnownFileType = sourcecode.swift; name = "UIBarButtonItem+Extension.swift"; path = "Class/Extension/UIBarButtonItem+Extension.swift"; sourceTree = "<group>"; };
		E2B059F31DA4921D0026DF8D /* Theme.swift */ = {isa = PBXFileReference; fileEncoding = 4; lastKnownFileType = sourcecode.swift; name = Theme.swift; path = Class/Other/Theme.swift; sourceTree = "<group>"; };
		E2B059FC1DA493280026DF8D /* BaseViewController.swift */ = {isa = PBXFileReference; fileEncoding = 4; lastKnownFileType = sourcecode.swift; name = BaseViewController.swift; path = Class/LFBBase/BaseViewController.swift; sourceTree = "<group>"; };
		E2B059FE1DA493930026DF8D /* BaseNavigationController.swift */ = {isa = PBXFileReference; fileEncoding = 4; lastKnownFileType = sourcecode.swift; name = BaseNavigationController.swift; path = Class/LFBBase/BaseNavigationController.swift; sourceTree = "<group>"; };
		E2B05A001DA493C50026DF8D /* UpImageDownTextButton.swift */ = {isa = PBXFileReference; fileEncoding = 4; lastKnownFileType = sourcecode.swift; name = UpImageDownTextButton.swift; path = Class/LFBBase/UpImageDownTextButton.swift; sourceTree = "<group>"; };
		E2B05A021DA49D990026DF8D /* MainViewController.swift */ = {isa = PBXFileReference; fileEncoding = 4; lastKnownFileType = sourcecode.swift; name = MainViewController.swift; path = Class/LFBBase/MainViewController.swift; sourceTree = "<group>"; };
		E2B05A041DA4A1010026DF8D /* MineViewController.swift */ = {isa = PBXFileReference; fileEncoding = 4; lastKnownFileType = sourcecode.swift; name = MineViewController.swift; path = Class/Mine/MineViewController.swift; sourceTree = "<group>"; };
		E2B05A0A1DA4A6370026DF8D /* MineCell.swift */ = {isa = PBXFileReference; fileEncoding = 4; lastKnownFileType = sourcecode.swift; name = MineCell.swift; path = Class/Mine/MineCell.swift; sourceTree = "<group>"; };
		E2B05A0C1DA4A6540026DF8D /* MineHeadView.swift */ = {isa = PBXFileReference; fileEncoding = 4; lastKnownFileType = sourcecode.swift; name = MineHeadView.swift; path = Class/Mine/MineHeadView.swift; sourceTree = "<group>"; };
		E2B05A0D1DA4A6540026DF8D /* MineTabeHeadView.swift */ = {isa = PBXFileReference; fileEncoding = 4; lastKnownFileType = sourcecode.swift; name = MineTabeHeadView.swift; path = Class/Mine/MineTabeHeadView.swift; sourceTree = "<group>"; };
		E2B05A101DA4A9D20026DF8D /* BeeQuick-Bridging-Header.h */ = {isa = PBXFileReference; lastKnownFileType = sourcecode.c.h; path = "BeeQuick-Bridging-Header.h"; sourceTree = "<group>"; };
		E2B05A131DA4BFAB0026DF8D /* ShopCartViewController.swift */ = {isa = PBXFileReference; fileEncoding = 4; lastKnownFileType = sourcecode.swift; name = ShopCartViewController.swift; path = Class/ShopCart/ShopCartViewController.swift; sourceTree = "<group>"; };
		E2B05A151DA4BFE60026DF8D /* ScheduleViewController.swift */ = {isa = PBXFileReference; fileEncoding = 4; lastKnownFileType = sourcecode.swift; name = ScheduleViewController.swift; path = Class/FreshReserve/ScheduleViewController.swift; sourceTree = "<group>"; };
		E2B05A171DA4C01E0026DF8D /* SupermarketViewController.swift */ = {isa = PBXFileReference; fileEncoding = 4; lastKnownFileType = sourcecode.swift; name = SupermarketViewController.swift; path = Class/SuperMarket/SupermarketViewController.swift; sourceTree = "<group>"; };
		E2B621D81DAE0C3A007F97D2 /* LFBCollectionView.swift */ = {isa = PBXFileReference; fileEncoding = 4; lastKnownFileType = sourcecode.swift; name = LFBCollectionView.swift; path = Class/LFBBase/LFBCollectionView.swift; sourceTree = "<group>"; };
		E2B621DA1DAE0C62007F97D2 /* UIImage + Extension.swift */ = {isa = PBXFileReference; fileEncoding = 4; lastKnownFileType = sourcecode.swift; name = "UIImage + Extension.swift"; path = "Class/Extension/UIImage + Extension.swift"; sourceTree = "<group>"; };
		E2B621DC1DAE0E1E007F97D2 /* LFBTableView.swift */ = {isa = PBXFileReference; fileEncoding = 4; lastKnownFileType = sourcecode.swift; name = LFBTableView.swift; path = Class/LFBBase/LFBTableView.swift; sourceTree = "<group>"; };
		E2B621DE1DAE0E78007F97D2 /* ShopCarRedDotView.swift */ = {isa = PBXFileReference; fileEncoding = 4; lastKnownFileType = sourcecode.swift; name = ShopCarRedDotView.swift; path = Class/LFBBase/ShopCarRedDotView.swift; sourceTree = "<group>"; };
		E2B621E01DAE11CD007F97D2 /* ProductCell.swift */ = {isa = PBXFileReference; fileEncoding = 4; lastKnownFileType = sourcecode.swift; name = ProductCell.swift; path = Class/SuperMarket/ProductCell.swift; sourceTree = "<group>"; };
		E2B621E21DAE1203007F97D2 /* ProductsViewController.swift */ = {isa = PBXFileReference; fileEncoding = 4; lastKnownFileType = sourcecode.swift; name = ProductsViewController.swift; path = Class/SuperMarket/ProductsViewController.swift; sourceTree = "<group>"; };
		E2B621E41DAE1291007F97D2 /* SupermarketHeadView.swift */ = {isa = PBXFileReference; fileEncoding = 4; lastKnownFileType = sourcecode.swift; name = SupermarketHeadView.swift; path = Class/SuperMarket/SupermarketHeadView.swift; sourceTree = "<group>"; };
		E2B621E61DAE133B007F97D2 /* UserShopCarTool.swift */ = {isa = PBXFileReference; fileEncoding = 4; lastKnownFileType = sourcecode.swift; name = UserShopCarTool.swift; path = Class/Tools/UserShopCarTool.swift; sourceTree = "<group>"; };
		E2E084B01DA8C9EF0067FE52 /* HomeCollectionFooterView.swift */ = {isa = PBXFileReference; fileEncoding = 4; lastKnownFileType = sourcecode.swift; name = HomeCollectionFooterView.swift; path = Class/Home/HomeCollectionFooterView.swift; sourceTree = "<group>"; };
		E2E084B21DA8CC3A0067FE52 /* BuyView.swift */ = {isa = PBXFileReference; fileEncoding = 4; lastKnownFileType = sourcecode.swift; name = BuyView.swift; path = Class/LFBBase/BuyView.swift; sourceTree = "<group>"; };
		E2E084B41DA8CC6E0067FE52 /* DiscountPriceView.swift */ = {isa = PBXFileReference; fileEncoding = 4; lastKnownFileType = sourcecode.swift; name = DiscountPriceView.swift; path = Class/LFBBase/DiscountPriceView.swift; sourceTree = "<group>"; };
		E2E084B61DA8CCDD0067FE52 /* String + Extension.swift */ = {isa = PBXFileReference; fileEncoding = 4; lastKnownFileType = sourcecode.swift; name = "String + Extension.swift"; path = "Class/Extension/String + Extension.swift"; sourceTree = "<group>"; };
		E2E084B81DA8CD030067FE52 /* ProgressHUDManager.swift */ = {isa = PBXFileReference; fileEncoding = 4; lastKnownFileType = sourcecode.swift; name = ProgressHUDManager.swift; path = Class/Tools/ProgressHUDManager.swift; sourceTree = "<group>"; };
		E2E084BB1DA8CDE30067FE52 /* MKAnnotationView+WebCache.h */ = {isa = PBXFileReference; fileEncoding = 4; lastKnownFileType = sourcecode.c.h; name = "MKAnnotationView+WebCache.h"; path = "Class/Vender/SDWebImage/MKAnnotationView+WebCache.h"; sourceTree = "<group>"; };
		E2E084BC1DA8CDE30067FE52 /* MKAnnotationView+WebCache.m */ = {isa = PBXFileReference; fileEncoding = 4; lastKnownFileType = sourcecode.c.objc; name = "MKAnnotationView+WebCache.m"; path = "Class/Vender/SDWebImage/MKAnnotationView+WebCache.m"; sourceTree = "<group>"; };
		E2E084BD1DA8CDE30067FE52 /* NSData+ImageContentType.h */ = {isa = PBXFileReference; fileEncoding = 4; lastKnownFileType = sourcecode.c.h; name = "NSData+ImageContentType.h"; path = "Class/Vender/SDWebImage/NSData+ImageContentType.h"; sourceTree = "<group>"; };
		E2E084BE1DA8CDE30067FE52 /* NSData+ImageContentType.m */ = {isa = PBXFileReference; fileEncoding = 4; lastKnownFileType = sourcecode.c.objc; name = "NSData+ImageContentType.m"; path = "Class/Vender/SDWebImage/NSData+ImageContentType.m"; sourceTree = "<group>"; };
		E2E084BF1DA8CDE30067FE52 /* SDImageCache.h */ = {isa = PBXFileReference; fileEncoding = 4; lastKnownFileType = sourcecode.c.h; name = SDImageCache.h; path = Class/Vender/SDWebImage/SDImageCache.h; sourceTree = "<group>"; };
		E2E084C01DA8CDE30067FE52 /* SDImageCache.m */ = {isa = PBXFileReference; fileEncoding = 4; lastKnownFileType = sourcecode.c.objc; name = SDImageCache.m; path = Class/Vender/SDWebImage/SDImageCache.m; sourceTree = "<group>"; };
		E2E084C11DA8CDE30067FE52 /* SDWebImageCompat.h */ = {isa = PBXFileReference; fileEncoding = 4; lastKnownFileType = sourcecode.c.h; name = SDWebImageCompat.h; path = Class/Vender/SDWebImage/SDWebImageCompat.h; sourceTree = "<group>"; };
		E2E084C21DA8CDE30067FE52 /* SDWebImageCompat.m */ = {isa = PBXFileReference; fileEncoding = 4; lastKnownFileType = sourcecode.c.objc; name = SDWebImageCompat.m; path = Class/Vender/SDWebImage/SDWebImageCompat.m; sourceTree = "<group>"; };
		E2E084C31DA8CDE30067FE52 /* SDWebImageDecoder.h */ = {isa = PBXFileReference; fileEncoding = 4; lastKnownFileType = sourcecode.c.h; name = SDWebImageDecoder.h; path = Class/Vender/SDWebImage/SDWebImageDecoder.h; sourceTree = "<group>"; };
		E2E084C41DA8CDE30067FE52 /* SDWebImageDecoder.m */ = {isa = PBXFileReference; fileEncoding = 4; lastKnownFileType = sourcecode.c.objc; name = SDWebImageDecoder.m; path = Class/Vender/SDWebImage/SDWebImageDecoder.m; sourceTree = "<group>"; };
		E2E084C51DA8CDE30067FE52 /* SDWebImageDownloader.h */ = {isa = PBXFileReference; fileEncoding = 4; lastKnownFileType = sourcecode.c.h; name = SDWebImageDownloader.h; path = Class/Vender/SDWebImage/SDWebImageDownloader.h; sourceTree = "<group>"; };
		E2E084C61DA8CDE30067FE52 /* SDWebImageDownloader.m */ = {isa = PBXFileReference; fileEncoding = 4; lastKnownFileType = sourcecode.c.objc; name = SDWebImageDownloader.m; path = Class/Vender/SDWebImage/SDWebImageDownloader.m; sourceTree = "<group>"; };
		E2E084C71DA8CDE30067FE52 /* SDWebImageDownloaderOperation.h */ = {isa = PBXFileReference; fileEncoding = 4; lastKnownFileType = sourcecode.c.h; name = SDWebImageDownloaderOperation.h; path = Class/Vender/SDWebImage/SDWebImageDownloaderOperation.h; sourceTree = "<group>"; };
		E2E084C81DA8CDE30067FE52 /* SDWebImageDownloaderOperation.m */ = {isa = PBXFileReference; fileEncoding = 4; lastKnownFileType = sourcecode.c.objc; name = SDWebImageDownloaderOperation.m; path = Class/Vender/SDWebImage/SDWebImageDownloaderOperation.m; sourceTree = "<group>"; };
		E2E084C91DA8CDE30067FE52 /* SDWebImageManager.h */ = {isa = PBXFileReference; fileEncoding = 4; lastKnownFileType = sourcecode.c.h; name = SDWebImageManager.h; path = Class/Vender/SDWebImage/SDWebImageManager.h; sourceTree = "<group>"; };
		E2E084CA1DA8CDE30067FE52 /* SDWebImageManager.m */ = {isa = PBXFileReference; fileEncoding = 4; lastKnownFileType = sourcecode.c.objc; name = SDWebImageManager.m; path = Class/Vender/SDWebImage/SDWebImageManager.m; sourceTree = "<group>"; };
		E2E084CB1DA8CDE30067FE52 /* SDWebImageOperation.h */ = {isa = PBXFileReference; fileEncoding = 4; lastKnownFileType = sourcecode.c.h; name = SDWebImageOperation.h; path = Class/Vender/SDWebImage/SDWebImageOperation.h; sourceTree = "<group>"; };
		E2E084CC1DA8CDE30067FE52 /* SDWebImagePrefetcher.h */ = {isa = PBXFileReference; fileEncoding = 4; lastKnownFileType = sourcecode.c.h; name = SDWebImagePrefetcher.h; path = Class/Vender/SDWebImage/SDWebImagePrefetcher.h; sourceTree = "<group>"; };
		E2E084CD1DA8CDE30067FE52 /* SDWebImagePrefetcher.m */ = {isa = PBXFileReference; fileEncoding = 4; lastKnownFileType = sourcecode.c.objc; name = SDWebImagePrefetcher.m; path = Class/Vender/SDWebImage/SDWebImagePrefetcher.m; sourceTree = "<group>"; };
		E2E084CE1DA8CDE30067FE52 /* UIButton+WebCache.h */ = {isa = PBXFileReference; fileEncoding = 4; lastKnownFileType = sourcecode.c.h; name = "UIButton+WebCache.h"; path = "Class/Vender/SDWebImage/UIButton+WebCache.h"; sourceTree = "<group>"; };
		E2E084CF1DA8CDE30067FE52 /* UIButton+WebCache.m */ = {isa = PBXFileReference; fileEncoding = 4; lastKnownFileType = sourcecode.c.objc; name = "UIButton+WebCache.m"; path = "Class/Vender/SDWebImage/UIButton+WebCache.m"; sourceTree = "<group>"; };
		E2E084D01DA8CDE30067FE52 /* UIImage+GIF.h */ = {isa = PBXFileReference; fileEncoding = 4; lastKnownFileType = sourcecode.c.h; name = "UIImage+GIF.h"; path = "Class/Vender/SDWebImage/UIImage+GIF.h"; sourceTree = "<group>"; };
		E2E084D11DA8CDE30067FE52 /* UIImage+GIF.m */ = {isa = PBXFileReference; fileEncoding = 4; lastKnownFileType = sourcecode.c.objc; name = "UIImage+GIF.m"; path = "Class/Vender/SDWebImage/UIImage+GIF.m"; sourceTree = "<group>"; };
		E2E084D21DA8CDE30067FE52 /* UIImage+MultiFormat.h */ = {isa = PBXFileReference; fileEncoding = 4; lastKnownFileType = sourcecode.c.h; name = "UIImage+MultiFormat.h"; path = "Class/Vender/SDWebImage/UIImage+MultiFormat.h"; sourceTree = "<group>"; };
		E2E084D31DA8CDE30067FE52 /* UIImage+MultiFormat.m */ = {isa = PBXFileReference; fileEncoding = 4; lastKnownFileType = sourcecode.c.objc; name = "UIImage+MultiFormat.m"; path = "Class/Vender/SDWebImage/UIImage+MultiFormat.m"; sourceTree = "<group>"; };
		E2E084D41DA8CDE30067FE52 /* UIImage+WebP.h */ = {isa = PBXFileReference; fileEncoding = 4; lastKnownFileType = sourcecode.c.h; name = "UIImage+WebP.h"; path = "Class/Vender/SDWebImage/UIImage+WebP.h"; sourceTree = "<group>"; };
		E2E084D51DA8CDE30067FE52 /* UIImage+WebP.m */ = {isa = PBXFileReference; fileEncoding = 4; lastKnownFileType = sourcecode.c.objc; name = "UIImage+WebP.m"; path = "Class/Vender/SDWebImage/UIImage+WebP.m"; sourceTree = "<group>"; };
		E2E084D61DA8CDE30067FE52 /* UIImageView+HighlightedWebCache.h */ = {isa = PBXFileReference; fileEncoding = 4; lastKnownFileType = sourcecode.c.h; name = "UIImageView+HighlightedWebCache.h"; path = "Class/Vender/SDWebImage/UIImageView+HighlightedWebCache.h"; sourceTree = "<group>"; };
		E2E084D71DA8CDE30067FE52 /* UIImageView+HighlightedWebCache.m */ = {isa = PBXFileReference; fileEncoding = 4; lastKnownFileType = sourcecode.c.objc; name = "UIImageView+HighlightedWebCache.m"; path = "Class/Vender/SDWebImage/UIImageView+HighlightedWebCache.m"; sourceTree = "<group>"; };
		E2E084D81DA8CDE30067FE52 /* UIImageView+WebCache.h */ = {isa = PBXFileReference; fileEncoding = 4; lastKnownFileType = sourcecode.c.h; name = "UIImageView+WebCache.h"; path = "Class/Vender/SDWebImage/UIImageView+WebCache.h"; sourceTree = "<group>"; };
		E2E084D91DA8CDE30067FE52 /* UIImageView+WebCache.m */ = {isa = PBXFileReference; fileEncoding = 4; lastKnownFileType = sourcecode.c.objc; name = "UIImageView+WebCache.m"; path = "Class/Vender/SDWebImage/UIImageView+WebCache.m"; sourceTree = "<group>"; };
		E2E084DA1DA8CDE30067FE52 /* UIView+WebCacheOperation.h */ = {isa = PBXFileReference; fileEncoding = 4; lastKnownFileType = sourcecode.c.h; name = "UIView+WebCacheOperation.h"; path = "Class/Vender/SDWebImage/UIView+WebCacheOperation.h"; sourceTree = "<group>"; };
		E2E084DB1DA8CDE30067FE52 /* UIView+WebCacheOperation.m */ = {isa = PBXFileReference; fileEncoding = 4; lastKnownFileType = sourcecode.c.objc; name = "UIView+WebCacheOperation.m"; path = "Class/Vender/SDWebImage/UIView+WebCacheOperation.m"; sourceTree = "<group>"; };
		E2FDF1991DA637AE00B8A301 /* PageScrollView.swift */ = {isa = PBXFileReference; fileEncoding = 4; lastKnownFileType = sourcecode.swift; name = PageScrollView.swift; path = Class/LFBBase/PageScrollView.swift; sourceTree = "<group>"; };
		E2FDF19E1DA63FC800B8A301 /* RAMBounceAnimation.swift */ = {isa = PBXFileReference; fileEncoding = 4; lastKnownFileType = sourcecode.swift; path = RAMBounceAnimation.swift; sourceTree = "<group>"; };
		E2FDF1A01DA63FC800B8A301 /* RAMFrameItemAnimation.swift */ = {isa = PBXFileReference; fileEncoding = 4; lastKnownFileType = sourcecode.swift; path = RAMFrameItemAnimation.swift; sourceTree = "<group>"; };
		E2FDF1A21DA63FC800B8A301 /* RAMFumeAnimation.swift */ = {isa = PBXFileReference; fileEncoding = 4; lastKnownFileType = sourcecode.swift; path = RAMFumeAnimation.swift; sourceTree = "<group>"; };
		E2FDF1A41DA63FC800B8A301 /* RAMRotationAnimation.swift */ = {isa = PBXFileReference; fileEncoding = 4; lastKnownFileType = sourcecode.swift; path = RAMRotationAnimation.swift; sourceTree = "<group>"; };
		E2FDF1A61DA63FC800B8A301 /* RAMTransitionItemAnimations.swift */ = {isa = PBXFileReference; fileEncoding = 4; lastKnownFileType = sourcecode.swift; path = RAMTransitionItemAnimations.swift; sourceTree = "<group>"; };
		E2FDF1A91DA63FC800B8A301 /* RAMBadge.swift */ = {isa = PBXFileReference; fileEncoding = 4; lastKnownFileType = sourcecode.swift; path = RAMBadge.swift; sourceTree = "<group>"; };
		E2FDF1AA1DA63FC800B8A301 /* RAMItemAnimationProtocol.swift */ = {isa = PBXFileReference; fileEncoding = 4; lastKnownFileType = sourcecode.swift; path = RAMItemAnimationProtocol.swift; sourceTree = "<group>"; };
		E2FDF1B31DA6404F00B8A301 /* RAMAnimatedTabBarController.swift */ = {isa = PBXFileReference; fileEncoding = 4; lastKnownFileType = sourcecode.swift; name = RAMAnimatedTabBarController.swift; path = Animations/RAMAnimatedTabBarController.swift; sourceTree = "<group>"; };
/* End PBXFileReference section */

/* Begin PBXFrameworksBuildPhase section */
		E22B15F71DA39B2B0077B4A8 /* Frameworks */ = {
			isa = PBXFrameworksBuildPhase;
			buildActionMask = 2147483647;
			files = (
				74DCFB49F48684611C4DF359 /* Pods_BeeQuick.framework in Frameworks */,
			);
			runOnlyForDeploymentPostprocessing = 0;
		};
/* End PBXFrameworksBuildPhase section */

/* Begin PBXGroup section */
		E22791031DA61C24006ABBB5 /* Resouce */ = {
			isa = PBXGroup;
			children = (
				E20F74471DAD2E57007A36B9 /* supermarket */,
				E25A7D711DA88F80005DC90E /* 促销 */,
				E25A7D721DA88F80005DC90E /* 首页焦点按钮 */,
				E25A7D731DA88F80005DC90E /* 首页新鲜热卖 */,
				E25A7D741DA88F80005DC90E /* AD */,
				E22791041DA61C68006ABBB5 /* MinePlist.plist */,
			);
			name = Resouce;
			sourceTree = "<group>";
		};
		E22B15F11DA39B2B0077B4A8 = {
			isa = PBXGroup;
			children = (
				E22B15FC1DA39B2C0077B4A8 /* BeeQuick */,
				E22B15FB1DA39B2C0077B4A8 /* Products */,
				F3F3BF8B10FA5FFDE602C01B /* Pods */,
				FF8CD2727C20A373C64B5722 /* Frameworks */,
			);
			sourceTree = "<group>";
		};
		E22B15FB1DA39B2C0077B4A8 /* Products */ = {
			isa = PBXGroup;
			children = (
				E22B15FA1DA39B2C0077B4A8 /* BeeQuick.app */,
			);
			name = Products;
			sourceTree = "<group>";
		};
		E22B15FC1DA39B2C0077B4A8 /* BeeQuick */ = {
			isa = PBXGroup;
			children = (
				E22B15FD1DA39B2C0077B4A8 /* AppDelegate.swift */,
				E2B05A101DA4A9D20026DF8D /* BeeQuick-Bridging-Header.h */,
				E2B059B91DA490220026DF8D /* Class */,
				E22B16041DA39B2C0077B4A8 /* Assets.xcassets */,
				E22B16091DA39B2C0077B4A8 /* Info.plist */,
			);
			path = BeeQuick;
			sourceTree = "<group>";
		};
		E24BB05C1DAB3074005FC444 /* Model */ = {
			isa = PBXGroup;
			children = (
				E24BB05D1DAB30A0005FC444 /* Supermarket.swift */,
			);
			name = Model;
			sourceTree = "<group>";
		};
		E27E61201DA780C7003FE234 /* Model */ = {
			isa = PBXGroup;
			children = (
				E2718F391DA894580087CE71 /* FreshHot.swift */,
				E25A7D7F1DA88FE5005DC90E /* HeadResources.swift */,
			);
			name = Model;
			sourceTree = "<group>";
		};
		E27E61331DA78258003FE234 /* Tools */ = {
			isa = PBXGroup;
			children = (
				E27E61341DA78266003FE234 /* SwiftDictModel.swift */,
				E2E084B81DA8CD030067FE52 /* ProgressHUDManager.swift */,
				E2B621E61DAE133B007F97D2 /* UserShopCarTool.swift */,
			);
			name = Tools;
			sourceTree = "<group>";
		};
		E2B059B91DA490220026DF8D /* Class */ = {
			isa = PBXGroup;
			children = (
				E27E61331DA78258003FE234 /* Tools */,
				E2B059F51DA492900026DF8D /* Home */,
				E2B059F71DA492A90026DF8D /* SuperMarket */,
				E2B059FB1DA492D20026DF8D /* FreshReserve */,
				E2B059FA1DA492C90026DF8D /* ShopCart */,
				E2B059F91DA492BE0026DF8D /* Mine */,
				E2B059F81DA492B50026DF8D /* LFBBase */,
				E2B059F21DA491F20026DF8D /* Other */,
				E2B059ED1DA490C90026DF8D /* Extension */,
				E2B059BA1DA490380026DF8D /* Vender */,
				E22791031DA61C24006ABBB5 /* Resouce */,
			);
			name = Class;
			sourceTree = "<group>";
		};
		E2B059BA1DA490380026DF8D /* Vender */ = {
			isa = PBXGroup;
			children = (
				E2E084BA1DA8CD9C0067FE52 /* SDWebImage */,
				E2FDF19B1DA63FC800B8A301 /* RAMAnimatedTabBarController */,
			);
			name = Vender;
			sourceTree = "<group>";
		};
		E2B059ED1DA490C90026DF8D /* Extension */ = {
			isa = PBXGroup;
			children = (
				E2B059EB1DA490B20026DF8D /* Color+Extension.swift */,
				E2B059EE1DA491890026DF8D /* UIView+Extension.swift */,
				E2B059F01DA491B20026DF8D /* UIBarButtonItem+Extension.swift */,
				E2E084B61DA8CCDD0067FE52 /* String + Extension.swift */,
				E2B621DA1DAE0C62007F97D2 /* UIImage + Extension.swift */,
			);
			name = Extension;
			sourceTree = "<group>";
		};
		E2B059F21DA491F20026DF8D /* Other */ = {
			isa = PBXGroup;
			children = (
				E2B059F31DA4921D0026DF8D /* Theme.swift */,
			);
			name = Other;
			sourceTree = "<group>";
		};
		E2B059F51DA492900026DF8D /* Home */ = {
			isa = PBXGroup;
			children = (
				E2718F351DA8944F0087CE71 /* HomeCell.swift */,
				E2718F361DA8944F0087CE71 /* IconImageTextView.swift */,
				E25A7D791DA88FD4005DC90E /* HomeTableHeadView.swift */,
				E2E084B01DA8C9EF0067FE52 /* HomeCollectionFooterView.swift */,
				E25A7D7A1DA88FD4005DC90E /* HomeViewController.swift */,
				E25A7D7B1DA88FD4005DC90E /* HotView.swift */,
				E27E61201DA780C7003FE234 /* Model */,
			);
			name = Home;
			sourceTree = "<group>";
		};
		E2B059F71DA492A90026DF8D /* SuperMarket */ = {
			isa = PBXGroup;
			children = (
				E2B05A171DA4C01E0026DF8D /* SupermarketViewController.swift */,
				E24BB05A1DAB2C01005FC444 /* CategoryCell.swift */,
				E2B621E41DAE1291007F97D2 /* SupermarketHeadView.swift */,
				E2B621E01DAE11CD007F97D2 /* ProductCell.swift */,
				E2B621E21DAE1203007F97D2 /* ProductsViewController.swift */,
				E24BB05C1DAB3074005FC444 /* Model */,
			);
			name = SuperMarket;
			sourceTree = "<group>";
		};
		E2B059F81DA492B50026DF8D /* LFBBase */ = {
			isa = PBXGroup;
			children = (
				E2B059FC1DA493280026DF8D /* BaseViewController.swift */,
				E2E084B21DA8CC3A0067FE52 /* BuyView.swift */,
				E2B059FE1DA493930026DF8D /* BaseNavigationController.swift */,
				E2B05A001DA493C50026DF8D /* UpImageDownTextButton.swift */,
				E2B05A021DA49D990026DF8D /* MainViewController.swift */,
				E2E084B41DA8CC6E0067FE52 /* DiscountPriceView.swift */,
				E2FDF1991DA637AE00B8A301 /* PageScrollView.swift */,
				E2B621D81DAE0C3A007F97D2 /* LFBCollectionView.swift */,
				E2B621DC1DAE0E1E007F97D2 /* LFBTableView.swift */,
				E2B621DE1DAE0E78007F97D2 /* ShopCarRedDotView.swift */,
			);
			name = LFBBase;
			sourceTree = "<group>";
		};
		E2B059F91DA492BE0026DF8D /* Mine */ = {
			isa = PBXGroup;
			children = (
				E2B05A0C1DA4A6540026DF8D /* MineHeadView.swift */,
				E2B05A0D1DA4A6540026DF8D /* MineTabeHeadView.swift */,
				E2B05A041DA4A1010026DF8D /* MineViewController.swift */,
				E2B05A0A1DA4A6370026DF8D /* MineCell.swift */,
			);
			name = Mine;
			sourceTree = "<group>";
		};
		E2B059FA1DA492C90026DF8D /* ShopCart */ = {
			isa = PBXGroup;
			children = (
				E2B05A131DA4BFAB0026DF8D /* ShopCartViewController.swift */,
			);
			name = ShopCart;
			sourceTree = "<group>";
		};
		E2B059FB1DA492D20026DF8D /* FreshReserve */ = {
			isa = PBXGroup;
			children = (
				E2B05A151DA4BFE60026DF8D /* ScheduleViewController.swift */,
			);
			name = FreshReserve;
			sourceTree = "<group>";
		};
		E2E084BA1DA8CD9C0067FE52 /* SDWebImage */ = {
			isa = PBXGroup;
			children = (
				E2E084BB1DA8CDE30067FE52 /* MKAnnotationView+WebCache.h */,
				E2E084BC1DA8CDE30067FE52 /* MKAnnotationView+WebCache.m */,
				E2E084BD1DA8CDE30067FE52 /* NSData+ImageContentType.h */,
				E2E084BE1DA8CDE30067FE52 /* NSData+ImageContentType.m */,
				E2E084BF1DA8CDE30067FE52 /* SDImageCache.h */,
				E2E084C01DA8CDE30067FE52 /* SDImageCache.m */,
				E2E084C11DA8CDE30067FE52 /* SDWebImageCompat.h */,
				E2E084C21DA8CDE30067FE52 /* SDWebImageCompat.m */,
				E2E084C31DA8CDE30067FE52 /* SDWebImageDecoder.h */,
				E2E084C41DA8CDE30067FE52 /* SDWebImageDecoder.m */,
				E2E084C51DA8CDE30067FE52 /* SDWebImageDownloader.h */,
				E2E084C61DA8CDE30067FE52 /* SDWebImageDownloader.m */,
				E2E084C71DA8CDE30067FE52 /* SDWebImageDownloaderOperation.h */,
				E2E084C81DA8CDE30067FE52 /* SDWebImageDownloaderOperation.m */,
				E2E084C91DA8CDE30067FE52 /* SDWebImageManager.h */,
				E2E084CA1DA8CDE30067FE52 /* SDWebImageManager.m */,
				E2E084CB1DA8CDE30067FE52 /* SDWebImageOperation.h */,
				E2E084CC1DA8CDE30067FE52 /* SDWebImagePrefetcher.h */,
				E2E084CD1DA8CDE30067FE52 /* SDWebImagePrefetcher.m */,
				E2E084CE1DA8CDE30067FE52 /* UIButton+WebCache.h */,
				E2E084CF1DA8CDE30067FE52 /* UIButton+WebCache.m */,
				E2E084D01DA8CDE30067FE52 /* UIImage+GIF.h */,
				E2E084D11DA8CDE30067FE52 /* UIImage+GIF.m */,
				E2E084D21DA8CDE30067FE52 /* UIImage+MultiFormat.h */,
				E2E084D31DA8CDE30067FE52 /* UIImage+MultiFormat.m */,
				E2E084D41DA8CDE30067FE52 /* UIImage+WebP.h */,
				E2E084D51DA8CDE30067FE52 /* UIImage+WebP.m */,
				E2E084D61DA8CDE30067FE52 /* UIImageView+HighlightedWebCache.h */,
				E2E084D71DA8CDE30067FE52 /* UIImageView+HighlightedWebCache.m */,
				E2E084D81DA8CDE30067FE52 /* UIImageView+WebCache.h */,
				E2E084D91DA8CDE30067FE52 /* UIImageView+WebCache.m */,
				E2E084DA1DA8CDE30067FE52 /* UIView+WebCacheOperation.h */,
				E2E084DB1DA8CDE30067FE52 /* UIView+WebCacheOperation.m */,
			);
			name = SDWebImage;
			sourceTree = "<group>";
		};
		E2FDF19B1DA63FC800B8A301 /* RAMAnimatedTabBarController */ = {
			isa = PBXGroup;
			children = (
				E2FDF19C1DA63FC800B8A301 /* Animations */,
				E2FDF1A81DA63FC800B8A301 /* RAMBadge */,
				E2FDF1AA1DA63FC800B8A301 /* RAMItemAnimationProtocol.swift */,
				E2FDF1B31DA6404F00B8A301 /* RAMAnimatedTabBarController.swift */,
			);
			path = RAMAnimatedTabBarController;
			sourceTree = "<group>";
		};
		E2FDF19C1DA63FC800B8A301 /* Animations */ = {
			isa = PBXGroup;
			children = (
				E2FDF19D1DA63FC800B8A301 /* BounceAnimation */,
				E2FDF19F1DA63FC800B8A301 /* FrameAnimation */,
				E2FDF1A11DA63FC800B8A301 /* FumeAnimation */,
				E2FDF1A31DA63FC800B8A301 /* RotationAnimation */,
				E2FDF1A51DA63FC800B8A301 /* TransitionAniamtions */,
			);
			path = Animations;
			sourceTree = "<group>";
		};
		E2FDF19D1DA63FC800B8A301 /* BounceAnimation */ = {
			isa = PBXGroup;
			children = (
				E2FDF19E1DA63FC800B8A301 /* RAMBounceAnimation.swift */,
			);
			path = BounceAnimation;
			sourceTree = "<group>";
		};
		E2FDF19F1DA63FC800B8A301 /* FrameAnimation */ = {
			isa = PBXGroup;
			children = (
				E2FDF1A01DA63FC800B8A301 /* RAMFrameItemAnimation.swift */,
			);
			path = FrameAnimation;
			sourceTree = "<group>";
		};
		E2FDF1A11DA63FC800B8A301 /* FumeAnimation */ = {
			isa = PBXGroup;
			children = (
				E2FDF1A21DA63FC800B8A301 /* RAMFumeAnimation.swift */,
			);
			path = FumeAnimation;
			sourceTree = "<group>";
		};
		E2FDF1A31DA63FC800B8A301 /* RotationAnimation */ = {
			isa = PBXGroup;
			children = (
				E2FDF1A41DA63FC800B8A301 /* RAMRotationAnimation.swift */,
			);
			path = RotationAnimation;
			sourceTree = "<group>";
		};
		E2FDF1A51DA63FC800B8A301 /* TransitionAniamtions */ = {
			isa = PBXGroup;
			children = (
				E2FDF1A61DA63FC800B8A301 /* RAMTransitionItemAnimations.swift */,
			);
			path = TransitionAniamtions;
			sourceTree = "<group>";
		};
		E2FDF1A81DA63FC800B8A301 /* RAMBadge */ = {
			isa = PBXGroup;
			children = (
				E2FDF1A91DA63FC800B8A301 /* RAMBadge.swift */,
			);
			path = RAMBadge;
			sourceTree = "<group>";
		};
		F3F3BF8B10FA5FFDE602C01B /* Pods */ = {
			isa = PBXGroup;
			children = (
				08F32452381760B8E967661D /* Pods-BeeQuick.debug.xcconfig */,
				7F8FE54073DEE97D18C042EB /* Pods-BeeQuick.release.xcconfig */,
			);
			name = Pods;
			sourceTree = "<group>";
		};
		FF8CD2727C20A373C64B5722 /* Frameworks */ = {
			isa = PBXGroup;
			children = (
				B87ED703511EABF6910E6EB5 /* Pods_BeeQuick.framework */,
			);
			name = Frameworks;
			sourceTree = "<group>";
		};
/* End PBXGroup section */

/* Begin PBXNativeTarget section */
		E22B15F91DA39B2B0077B4A8 /* BeeQuick */ = {
			isa = PBXNativeTarget;
			buildConfigurationList = E22B160C1DA39B2C0077B4A8 /* Build configuration list for PBXNativeTarget "BeeQuick" */;
			buildPhases = (
				0F2E080E0F62B0784744F5D6 /* [CP] Check Pods Manifest.lock */,
				E22B15F61DA39B2B0077B4A8 /* Sources */,
				E22B15F71DA39B2B0077B4A8 /* Frameworks */,
				E22B15F81DA39B2B0077B4A8 /* Resources */,
				A75DD1A0843A494B54D32290 /* [CP] Embed Pods Frameworks */,
				772FFFAC6C1C1F417D97EB61 /* [CP] Copy Pods Resources */,
			);
			buildRules = (
			);
			dependencies = (
			);
			name = BeeQuick;
			productName = BeeQuick;
			productReference = E22B15FA1DA39B2C0077B4A8 /* BeeQuick.app */;
			productType = "com.apple.product-type.application";
		};
/* End PBXNativeTarget section */

/* Begin PBXProject section */
		E22B15F21DA39B2B0077B4A8 /* Project object */ = {
			isa = PBXProject;
			attributes = {
				LastSwiftUpdateCheck = 0800;
				LastUpgradeCheck = 0800;
				ORGANIZATIONNAME = Alonso;
				TargetAttributes = {
					E22B15F91DA39B2B0077B4A8 = {
						CreatedOnToolsVersion = 8.0;
						DevelopmentTeam = 8LP5KW6GHL;
						LastSwiftMigration = 0800;
						ProvisioningStyle = Automatic;
					};
				};
			};
			buildConfigurationList = E22B15F51DA39B2B0077B4A8 /* Build configuration list for PBXProject "BeeQuick" */;
			compatibilityVersion = "Xcode 3.2";
			developmentRegion = English;
			hasScannedForEncodings = 0;
			knownRegions = (
				en,
				Base,
			);
			mainGroup = E22B15F11DA39B2B0077B4A8;
			productRefGroup = E22B15FB1DA39B2C0077B4A8 /* Products */;
			projectDirPath = "";
			projectRoot = "";
			targets = (
				E22B15F91DA39B2B0077B4A8 /* BeeQuick */,
			);
		};
/* End PBXProject section */

/* Begin PBXResourcesBuildPhase section */
		E22B15F81DA39B2B0077B4A8 /* Resources */ = {
			isa = PBXResourcesBuildPhase;
			buildActionMask = 2147483647;
			files = (
				E25A7D771DA88F80005DC90E /* 首页新鲜热卖 in Resources */,
				E20F74481DAD2E57007A36B9 /* supermarket in Resources */,
				E25A7D781DA88F80005DC90E /* AD in Resources */,
				E25A7D751DA88F80005DC90E /* 促销 in Resources */,
				E22791051DA61C68006ABBB5 /* MinePlist.plist in Resources */,
				E22B16051DA39B2C0077B4A8 /* Assets.xcassets in Resources */,
				E25A7D761DA88F80005DC90E /* 首页焦点按钮 in Resources */,
			);
			runOnlyForDeploymentPostprocessing = 0;
		};
/* End PBXResourcesBuildPhase section */

/* Begin PBXShellScriptBuildPhase section */
		0F2E080E0F62B0784744F5D6 /* [CP] Check Pods Manifest.lock */ = {
			isa = PBXShellScriptBuildPhase;
			buildActionMask = 2147483647;
			files = (
			);
			inputPaths = (
			);
			name = "[CP] Check Pods Manifest.lock";
			outputPaths = (
			);
			runOnlyForDeploymentPostprocessing = 0;
			shellPath = /bin/sh;
			shellScript = "diff \"${PODS_ROOT}/../Podfile.lock\" \"${PODS_ROOT}/Manifest.lock\" > /dev/null\nif [[ $? != 0 ]] ; then\n    cat << EOM\nerror: The sandbox is not in sync with the Podfile.lock. Run 'pod install' or update your CocoaPods installation.\nEOM\n    exit 1\nfi\n";
			showEnvVarsInLog = 0;
		};
		772FFFAC6C1C1F417D97EB61 /* [CP] Copy Pods Resources */ = {
			isa = PBXShellScriptBuildPhase;
			buildActionMask = 2147483647;
			files = (
			);
			inputPaths = (
			);
			name = "[CP] Copy Pods Resources";
			outputPaths = (
			);
			runOnlyForDeploymentPostprocessing = 0;
			shellPath = /bin/sh;
			shellScript = "\"${SRCROOT}/Pods/Target Support Files/Pods-BeeQuick/Pods-BeeQuick-resources.sh\"\n";
			showEnvVarsInLog = 0;
		};
		A75DD1A0843A494B54D32290 /* [CP] Embed Pods Frameworks */ = {
			isa = PBXShellScriptBuildPhase;
			buildActionMask = 2147483647;
			files = (
			);
			inputPaths = (
			);
			name = "[CP] Embed Pods Frameworks";
			outputPaths = (
			);
			runOnlyForDeploymentPostprocessing = 0;
			shellPath = /bin/sh;
			shellScript = "\"${SRCROOT}/Pods/Target Support Files/Pods-BeeQuick/Pods-BeeQuick-frameworks.sh\"\n";
			showEnvVarsInLog = 0;
		};
/* End PBXShellScriptBuildPhase section */

/* Begin PBXSourcesBuildPhase section */
		E22B15F61DA39B2B0077B4A8 /* Sources */ = {
			isa = PBXSourcesBuildPhase;
			buildActionMask = 2147483647;
			files = (
				E2FDF1B41DA6404F00B8A301 /* RAMAnimatedTabBarController.swift in Sources */,
				E2B05A0F1DA4A6540026DF8D /* MineTabeHeadView.swift in Sources */,
				E2B05A011DA493C50026DF8D /* UpImageDownTextButton.swift in Sources */,
				E2B05A161DA4BFE60026DF8D /* ScheduleViewController.swift in Sources */,
				E2FDF1AC1DA63FC800B8A301 /* RAMFrameItemAnimation.swift in Sources */,
				E2E084E61DA8CDE30067FE52 /* UIImage+GIF.m in Sources */,
				E2FDF19A1DA637AE00B8A301 /* PageScrollView.swift in Sources */,
				E2E084E21DA8CDE30067FE52 /* SDWebImageDownloaderOperation.m in Sources */,
				E2B059FD1DA493280026DF8D /* BaseViewController.swift in Sources */,
				E2B059EF1DA491890026DF8D /* UIView+Extension.swift in Sources */,
				E2E084B31DA8CC3A0067FE52 /* BuyView.swift in Sources */,
				E2FDF1AB1DA63FC800B8A301 /* RAMBounceAnimation.swift in Sources */,
				E2B621E51DAE1291007F97D2 /* SupermarketHeadView.swift in Sources */,
				E2E084DD1DA8CDE30067FE52 /* NSData+ImageContentType.m in Sources */,
				E2B621D91DAE0C3A007F97D2 /* LFBCollectionView.swift in Sources */,
				E2B059FF1DA493930026DF8D /* BaseNavigationController.swift in Sources */,
				E2B621DD1DAE0E1E007F97D2 /* LFBTableView.swift in Sources */,
				E2B621DB1DAE0C62007F97D2 /* UIImage + Extension.swift in Sources */,
				E2B05A181DA4C01E0026DF8D /* SupermarketViewController.swift in Sources */,
				E2E084B71DA8CCDD0067FE52 /* String + Extension.swift in Sources */,
				E2E084EB1DA8CDE30067FE52 /* UIView+WebCacheOperation.m in Sources */,
				E2FDF1AF1DA63FC800B8A301 /* RAMTransitionItemAnimations.swift in Sources */,
				E2B05A0B1DA4A6370026DF8D /* MineCell.swift in Sources */,
				E2B05A0E1DA4A6540026DF8D /* MineHeadView.swift in Sources */,
				E27E61351DA78266003FE234 /* SwiftDictModel.swift in Sources */,
				E22B15FE1DA39B2C0077B4A8 /* AppDelegate.swift in Sources */,
				E2E084DF1DA8CDE30067FE52 /* SDWebImageCompat.m in Sources */,
				E2E084E71DA8CDE30067FE52 /* UIImage+MultiFormat.m in Sources */,
				E2718F371DA8944F0087CE71 /* HomeCell.swift in Sources */,
				E2B621E71DAE133B007F97D2 /* UserShopCarTool.swift in Sources */,
				E2718F3A1DA894580087CE71 /* FreshHot.swift in Sources */,
				E2E084E81DA8CDE30067FE52 /* UIImage+WebP.m in Sources */,
				E2B621E31DAE1203007F97D2 /* ProductsViewController.swift in Sources */,
				E2E084E31DA8CDE30067FE52 /* SDWebImageManager.m in Sources */,
				E2E084DE1DA8CDE30067FE52 /* SDImageCache.m in Sources */,
				E2E084B11DA8C9EF0067FE52 /* HomeCollectionFooterView.swift in Sources */,
				E2E084E41DA8CDE30067FE52 /* SDWebImagePrefetcher.m in Sources */,
				E2B059EC1DA490B20026DF8D /* Color+Extension.swift in Sources */,
				E2E084B91DA8CD030067FE52 /* ProgressHUDManager.swift in Sources */,
				E2E084DC1DA8CDE30067FE52 /* MKAnnotationView+WebCache.m in Sources */,
				E2E084B51DA8CC6E0067FE52 /* DiscountPriceView.swift in Sources */,
				E2B05A141DA4BFAB0026DF8D /* ShopCartViewController.swift in Sources */,
				E2B05A051DA4A1010026DF8D /* MineViewController.swift in Sources */,
				E2E084E01DA8CDE30067FE52 /* SDWebImageDecoder.m in Sources */,
				E2FDF1B21DA63FC800B8A301 /* RAMItemAnimationProtocol.swift in Sources */,
				E2E084E91DA8CDE30067FE52 /* UIImageView+HighlightedWebCache.m in Sources */,
				E2B05A031DA49D990026DF8D /* MainViewController.swift in Sources */,
				E2B059F11DA491B20026DF8D /* UIBarButtonItem+Extension.swift in Sources */,
				E2E084E51DA8CDE30067FE52 /* UIButton+WebCache.m in Sources */,
				E2FDF1B11DA63FC800B8A301 /* RAMBadge.swift in Sources */,
				E2E084EA1DA8CDE30067FE52 /* UIImageView+WebCache.m in Sources */,
				E25A7D7D1DA88FD4005DC90E /* HomeViewController.swift in Sources */,
				E2E084E11DA8CDE30067FE52 /* SDWebImageDownloader.m in Sources */,
				E2FDF1AD1DA63FC800B8A301 /* RAMFumeAnimation.swift in Sources */,
				E2B621E11DAE11CD007F97D2 /* ProductCell.swift in Sources */,
				E2B621DF1DAE0E78007F97D2 /* ShopCarRedDotView.swift in Sources */,
				E2B059F41DA4921D0026DF8D /* Theme.swift in Sources */,
				E2FDF1AE1DA63FC800B8A301 /* RAMRotationAnimation.swift in Sources */,
				E25A7D801DA88FE5005DC90E /* HeadResources.swift in Sources */,
				E25A7D7C1DA88FD4005DC90E /* HomeTableHeadView.swift in Sources */,
				E2718F381DA8944F0087CE71 /* IconImageTextView.swift in Sources */,
				E25A7D7E1DA88FD4005DC90E /* HotView.swift in Sources */,
				E24BB05B1DAB2C01005FC444 /* CategoryCell.swift in Sources */,
				E24BB05E1DAB30A0005FC444 /* Supermarket.swift in Sources */,
			);
			runOnlyForDeploymentPostprocessing = 0;
		};
/* End PBXSourcesBuildPhase section */

/* Begin XCBuildConfiguration section */
		E22B160A1DA39B2C0077B4A8 /* Debug */ = {
			isa = XCBuildConfiguration;
			buildSettings = {
				ALWAYS_SEARCH_USER_PATHS = NO;
				CLANG_ANALYZER_NONNULL = YES;
				CLANG_CXX_LANGUAGE_STANDARD = "gnu++0x";
				CLANG_CXX_LIBRARY = "libc++";
				CLANG_ENABLE_MODULES = YES;
				CLANG_ENABLE_OBJC_ARC = YES;
				CLANG_WARN_BOOL_CONVERSION = YES;
				CLANG_WARN_CONSTANT_CONVERSION = YES;
				CLANG_WARN_DIRECT_OBJC_ISA_USAGE = YES_ERROR;
				CLANG_WARN_DOCUMENTATION_COMMENTS = YES;
				CLANG_WARN_EMPTY_BODY = YES;
				CLANG_WARN_ENUM_CONVERSION = YES;
				CLANG_WARN_INFINITE_RECURSION = YES;
				CLANG_WARN_INT_CONVERSION = YES;
				CLANG_WARN_OBJC_ROOT_CLASS = YES_ERROR;
				CLANG_WARN_SUSPICIOUS_MOVE = YES;
				CLANG_WARN_SUSPICIOUS_MOVES = YES;
				CLANG_WARN_UNREACHABLE_CODE = YES;
				CLANG_WARN__DUPLICATE_METHOD_MATCH = YES;
				"CODE_SIGN_IDENTITY[sdk=iphoneos*]" = "iPhone Developer";
				COPY_PHASE_STRIP = NO;
				DEBUG_INFORMATION_FORMAT = dwarf;
				ENABLE_STRICT_OBJC_MSGSEND = YES;
				ENABLE_TESTABILITY = YES;
				GCC_C_LANGUAGE_STANDARD = gnu99;
				GCC_DYNAMIC_NO_PIC = NO;
				GCC_NO_COMMON_BLOCKS = YES;
				GCC_OPTIMIZATION_LEVEL = 0;
				GCC_PREPROCESSOR_DEFINITIONS = (
					"DEBUG=1",
					"$(inherited)",
				);
				GCC_WARN_64_TO_32_BIT_CONVERSION = YES;
				GCC_WARN_ABOUT_RETURN_TYPE = YES_ERROR;
				GCC_WARN_UNDECLARED_SELECTOR = YES;
				GCC_WARN_UNINITIALIZED_AUTOS = YES_AGGRESSIVE;
				GCC_WARN_UNUSED_FUNCTION = YES;
				GCC_WARN_UNUSED_VARIABLE = YES;
				IPHONEOS_DEPLOYMENT_TARGET = 10.0;
				MTL_ENABLE_DEBUG_INFO = YES;
				ONLY_ACTIVE_ARCH = YES;
				SDKROOT = iphoneos;
				SWIFT_ACTIVE_COMPILATION_CONDITIONS = DEBUG;
				SWIFT_OPTIMIZATION_LEVEL = "-Onone";
			};
			name = Debug;
		};
		E22B160B1DA39B2C0077B4A8 /* Release */ = {
			isa = XCBuildConfiguration;
			buildSettings = {
				ALWAYS_SEARCH_USER_PATHS = NO;
				CLANG_ANALYZER_NONNULL = YES;
				CLANG_CXX_LANGUAGE_STANDARD = "gnu++0x";
				CLANG_CXX_LIBRARY = "libc++";
				CLANG_ENABLE_MODULES = YES;
				CLANG_ENABLE_OBJC_ARC = YES;
				CLANG_WARN_BOOL_CONVERSION = YES;
				CLANG_WARN_CONSTANT_CONVERSION = YES;
				CLANG_WARN_DIRECT_OBJC_ISA_USAGE = YES_ERROR;
				CLANG_WARN_DOCUMENTATION_COMMENTS = YES;
				CLANG_WARN_EMPTY_BODY = YES;
				CLANG_WARN_ENUM_CONVERSION = YES;
				CLANG_WARN_INFINITE_RECURSION = YES;
				CLANG_WARN_INT_CONVERSION = YES;
				CLANG_WARN_OBJC_ROOT_CLASS = YES_ERROR;
				CLANG_WARN_SUSPICIOUS_MOVE = YES;
				CLANG_WARN_SUSPICIOUS_MOVES = YES;
				CLANG_WARN_UNREACHABLE_CODE = YES;
				CLANG_WARN__DUPLICATE_METHOD_MATCH = YES;
				"CODE_SIGN_IDENTITY[sdk=iphoneos*]" = "iPhone Developer";
				COPY_PHASE_STRIP = NO;
				DEBUG_INFORMATION_FORMAT = "dwarf-with-dsym";
				ENABLE_NS_ASSERTIONS = NO;
				ENABLE_STRICT_OBJC_MSGSEND = YES;
				GCC_C_LANGUAGE_STANDARD = gnu99;
				GCC_NO_COMMON_BLOCKS = YES;
				GCC_WARN_64_TO_32_BIT_CONVERSION = YES;
				GCC_WARN_ABOUT_RETURN_TYPE = YES_ERROR;
				GCC_WARN_UNDECLARED_SELECTOR = YES;
				GCC_WARN_UNINITIALIZED_AUTOS = YES_AGGRESSIVE;
				GCC_WARN_UNUSED_FUNCTION = YES;
				GCC_WARN_UNUSED_VARIABLE = YES;
				IPHONEOS_DEPLOYMENT_TARGET = 10.0;
				MTL_ENABLE_DEBUG_INFO = NO;
				SDKROOT = iphoneos;
				SWIFT_OPTIMIZATION_LEVEL = "-Owholemodule";
				VALIDATE_PRODUCT = YES;
			};
			name = Release;
		};
		E22B160D1DA39B2C0077B4A8 /* Debug */ = {
			isa = XCBuildConfiguration;
			baseConfigurationReference = 08F32452381760B8E967661D /* Pods-BeeQuick.debug.xcconfig */;
			buildSettings = {
				ALWAYS_SEARCH_USER_PATHS = NO;
				ASSETCATALOG_COMPILER_APPICON_NAME = AppIcon;
				ASSETCATALOG_COMPILER_LAUNCHIMAGE_NAME = LaunchImage;
				CLANG_ENABLE_MODULES = YES;
				DEVELOPMENT_TEAM = 8LP5KW6GHL;
				HEADER_SEARCH_PATHS = (
					"\"${PODS_ROOT}/Headers/MJRefresh\"",
					"$(inherited)",
					"\"${PODS_ROOT}/Headers/SVProgressHUD\"",
					"${SRCROOT}/**",
				);
				INFOPLIST_FILE = BeeQuick/Info.plist;
				LD_RUNPATH_SEARCH_PATHS = "$(inherited) @executable_path/Frameworks";
				PRODUCT_BUNDLE_IDENTIFIER = space.zhangwu.BeeQuick;
				PRODUCT_NAME = "$(TARGET_NAME)";
				SWIFT_OBJC_BRIDGING_HEADER = "BeeQuick/BeeQuick-Bridging-Header.h";
				SWIFT_OPTIMIZATION_LEVEL = "-Onone";
				SWIFT_VERSION = 3.0;
			};
			name = Debug;
		};
		E22B160E1DA39B2C0077B4A8 /* Release */ = {
			isa = XCBuildConfiguration;
			baseConfigurationReference = 7F8FE54073DEE97D18C042EB /* Pods-BeeQuick.release.xcconfig */;
			buildSettings = {
				ALWAYS_SEARCH_USER_PATHS = NO;
				ASSETCATALOG_COMPILER_APPICON_NAME = AppIcon;
				ASSETCATALOG_COMPILER_LAUNCHIMAGE_NAME = LaunchImage;
				CLANG_ENABLE_MODULES = YES;
				DEVELOPMENT_TEAM = 8LP5KW6GHL;
				HEADER_SEARCH_PATHS = (
					"\"${PODS_ROOT}/Headers/MJRefresh\"",
					"$(inherited)",
					"\"${PODS_ROOT}/Headers/SVProgressHUD\"",
					"${SRCROOT}/**",
				);
				INFOPLIST_FILE = BeeQuick/Info.plist;
				LD_RUNPATH_SEARCH_PATHS = "$(inherited) @executable_path/Frameworks";
				PRODUCT_BUNDLE_IDENTIFIER = space.zhangwu.BeeQuick;
				PRODUCT_NAME = "$(TARGET_NAME)";
				SWIFT_OBJC_BRIDGING_HEADER = "BeeQuick/BeeQuick-Bridging-Header.h";
				SWIFT_VERSION = 3.0;
			};
			name = Release;
		};
/* End XCBuildConfiguration section */

/* Begin XCConfigurationList section */
		E22B15F51DA39B2B0077B4A8 /* Build configuration list for PBXProject "BeeQuick" */ = {
			isa = XCConfigurationList;
			buildConfigurations = (
				E22B160A1DA39B2C0077B4A8 /* Debug */,
				E22B160B1DA39B2C0077B4A8 /* Release */,
			);
			defaultConfigurationIsVisible = 0;
			defaultConfigurationName = Release;
		};
		E22B160C1DA39B2C0077B4A8 /* Build configuration list for PBXNativeTarget "BeeQuick" */ = {
			isa = XCConfigurationList;
			buildConfigurations = (
				E22B160D1DA39B2C0077B4A8 /* Debug */,
				E22B160E1DA39B2C0077B4A8 /* Release */,
			);
			defaultConfigurationIsVisible = 0;
			defaultConfigurationName = Release;
		};
/* End XCConfigurationList section */
	};
	rootObject = E22B15F21DA39B2B0077B4A8 /* Project object */;
}
