// !$*UTF8*$!
{
	archiveVersion = 1;
	classes = {
	};
	objectVersion = 46;
	objects = {

/* Begin PBXBuildFile section */
		74DCFB49F48684611C4DF359 /* Pods_BeeQuick.framework in Frameworks */ = {isa = PBXBuildFile; fileRef = B87ED703511EABF6910E6EB5 /* Pods_BeeQuick.framework */; };
		E22B15FE1DA39B2C0077B4A8 /* AppDelegate.swift in Sources */ = {isa = PBXBuildFile; fileRef = E22B15FD1DA39B2C0077B4A8 /* AppDelegate.swift */; };
		E22B16031DA39B2C0077B4A8 /* Main.storyboard in Resources */ = {isa = PBXBuildFile; fileRef = E22B16011DA39B2C0077B4A8 /* Main.storyboard */; };
		E22B16051DA39B2C0077B4A8 /* Assets.xcassets in Resources */ = {isa = PBXBuildFile; fileRef = E22B16041DA39B2C0077B4A8 /* Assets.xcassets */; };
		E22B16081DA39B2C0077B4A8 /* LaunchScreen.storyboard in Resources */ = {isa = PBXBuildFile; fileRef = E22B16061DA39B2C0077B4A8 /* LaunchScreen.storyboard */; };
		E2B059E31DA4906C0026DF8D /* RAMBounceAnimation.swift in Sources */ = {isa = PBXBuildFile; fileRef = E2B059D61DA4906C0026DF8D /* RAMBounceAnimation.swift */; };
		E2B059E41DA4906C0026DF8D /* RAMFrameItemAnimation.swift in Sources */ = {isa = PBXBuildFile; fileRef = E2B059D81DA4906C0026DF8D /* RAMFrameItemAnimation.swift */; };
		E2B059E51DA4906C0026DF8D /* RAMFumeAnimation.swift in Sources */ = {isa = PBXBuildFile; fileRef = E2B059DA1DA4906C0026DF8D /* RAMFumeAnimation.swift */; };
		E2B059E61DA4906C0026DF8D /* RAMRotationAnimation.swift in Sources */ = {isa = PBXBuildFile; fileRef = E2B059DC1DA4906C0026DF8D /* RAMRotationAnimation.swift */; };
		E2B059E71DA4906C0026DF8D /* RAMTransitionItemAnimations.swift in Sources */ = {isa = PBXBuildFile; fileRef = E2B059DE1DA4906C0026DF8D /* RAMTransitionItemAnimations.swift */; };
		E2B059E81DA4906C0026DF8D /* RAMAnimatedTabBarController.swift in Sources */ = {isa = PBXBuildFile; fileRef = E2B059DF1DA4906C0026DF8D /* RAMAnimatedTabBarController.swift */; };
		E2B059E91DA4906C0026DF8D /* RAMBadge.swift in Sources */ = {isa = PBXBuildFile; fileRef = E2B059E11DA4906C0026DF8D /* RAMBadge.swift */; };
		E2B059EA1DA4906C0026DF8D /* RAMItemAnimationProtocol.swift in Sources */ = {isa = PBXBuildFile; fileRef = E2B059E21DA4906C0026DF8D /* RAMItemAnimationProtocol.swift */; };
		E2B059EC1DA490B20026DF8D /* Color+Extension.swift in Sources */ = {isa = PBXBuildFile; fileRef = E2B059EB1DA490B20026DF8D /* Color+Extension.swift */; };
		E2B059EF1DA491890026DF8D /* UIView+Extension.swift in Sources */ = {isa = PBXBuildFile; fileRef = E2B059EE1DA491890026DF8D /* UIView+Extension.swift */; };
		E2B059F11DA491B20026DF8D /* UIBarButtonItem+Extension.swift in Sources */ = {isa = PBXBuildFile; fileRef = E2B059F01DA491B20026DF8D /* UIBarButtonItem+Extension.swift */; };
		E2B059F41DA4921D0026DF8D /* Theme.swift in Sources */ = {isa = PBXBuildFile; fileRef = E2B059F31DA4921D0026DF8D /* Theme.swift */; };
		E2B059FD1DA493280026DF8D /* BaseViewController.swift in Sources */ = {isa = PBXBuildFile; fileRef = E2B059FC1DA493280026DF8D /* BaseViewController.swift */; };
		E2B059FF1DA493930026DF8D /* BaseNavigationController.swift in Sources */ = {isa = PBXBuildFile; fileRef = E2B059FE1DA493930026DF8D /* BaseNavigationController.swift */; };
		E2B05A011DA493C50026DF8D /* UpImageDownTextButton.swift in Sources */ = {isa = PBXBuildFile; fileRef = E2B05A001DA493C50026DF8D /* UpImageDownTextButton.swift */; };
		E2B05A031DA49D990026DF8D /* MainViewController.swift in Sources */ = {isa = PBXBuildFile; fileRef = E2B05A021DA49D990026DF8D /* MainViewController.swift */; };
		E2B05A051DA4A1010026DF8D /* MineViewController.swift in Sources */ = {isa = PBXBuildFile; fileRef = E2B05A041DA4A1010026DF8D /* MineViewController.swift */; };
		E2B05A0B1DA4A6370026DF8D /* MineCell.swift in Sources */ = {isa = PBXBuildFile; fileRef = E2B05A0A1DA4A6370026DF8D /* MineCell.swift */; };
		E2B05A0E1DA4A6540026DF8D /* MineHeadView.swift in Sources */ = {isa = PBXBuildFile; fileRef = E2B05A0C1DA4A6540026DF8D /* MineHeadView.swift */; };
		E2B05A0F1DA4A6540026DF8D /* MineTabeHeadView.swift in Sources */ = {isa = PBXBuildFile; fileRef = E2B05A0D1DA4A6540026DF8D /* MineTabeHeadView.swift */; };
		E2B05A141DA4BFAB0026DF8D /* ShopCartViewController.swift in Sources */ = {isa = PBXBuildFile; fileRef = E2B05A131DA4BFAB0026DF8D /* ShopCartViewController.swift */; };
		E2B05A161DA4BFE60026DF8D /* ScheduleViewController.swift in Sources */ = {isa = PBXBuildFile; fileRef = E2B05A151DA4BFE60026DF8D /* ScheduleViewController.swift */; };
		E2B05A181DA4C01E0026DF8D /* SupermarketViewController.swift in Sources */ = {isa = PBXBuildFile; fileRef = E2B05A171DA4C01E0026DF8D /* SupermarketViewController.swift */; };
		E2B05A1A1DA4C0490026DF8D /* HomeViewController.swift in Sources */ = {isa = PBXBuildFile; fileRef = E2B05A191DA4C0490026DF8D /* HomeViewController.swift */; };
/* End PBXBuildFile section */

/* Begin PBXFileReference section */
		08F32452381760B8E967661D /* Pods-BeeQuick.debug.xcconfig */ = {isa = PBXFileReference; includeInIndex = 1; lastKnownFileType = text.xcconfig; name = "Pods-BeeQuick.debug.xcconfig"; path = "Pods/Target Support Files/Pods-BeeQuick/Pods-BeeQuick.debug.xcconfig"; sourceTree = "<group>"; };
		7F8FE54073DEE97D18C042EB /* Pods-BeeQuick.release.xcconfig */ = {isa = PBXFileReference; includeInIndex = 1; lastKnownFileType = text.xcconfig; name = "Pods-BeeQuick.release.xcconfig"; path = "Pods/Target Support Files/Pods-BeeQuick/Pods-BeeQuick.release.xcconfig"; sourceTree = "<group>"; };
		B87ED703511EABF6910E6EB5 /* Pods_BeeQuick.framework */ = {isa = PBXFileReference; explicitFileType = wrapper.framework; includeInIndex = 0; path = Pods_BeeQuick.framework; sourceTree = BUILT_PRODUCTS_DIR; };
		E22B15FA1DA39B2C0077B4A8 /* BeeQuick.app */ = {isa = PBXFileReference; explicitFileType = wrapper.application; includeInIndex = 0; path = BeeQuick.app; sourceTree = BUILT_PRODUCTS_DIR; };
		E22B15FD1DA39B2C0077B4A8 /* AppDelegate.swift */ = {isa = PBXFileReference; lastKnownFileType = sourcecode.swift; path = AppDelegate.swift; sourceTree = "<group>"; };
		E22B16021DA39B2C0077B4A8 /* Base */ = {isa = PBXFileReference; lastKnownFileType = file.storyboard; name = Base; path = Base.lproj/Main.storyboard; sourceTree = "<group>"; };
		E22B16041DA39B2C0077B4A8 /* Assets.xcassets */ = {isa = PBXFileReference; lastKnownFileType = folder.assetcatalog; path = Assets.xcassets; sourceTree = "<group>"; };
		E22B16071DA39B2C0077B4A8 /* Base */ = {isa = PBXFileReference; lastKnownFileType = file.storyboard; name = Base; path = Base.lproj/LaunchScreen.storyboard; sourceTree = "<group>"; };
		E22B16091DA39B2C0077B4A8 /* Info.plist */ = {isa = PBXFileReference; lastKnownFileType = text.plist.xml; path = Info.plist; sourceTree = "<group>"; };
		E2B059D61DA4906C0026DF8D /* RAMBounceAnimation.swift */ = {isa = PBXFileReference; fileEncoding = 4; lastKnownFileType = sourcecode.swift; path = RAMBounceAnimation.swift; sourceTree = "<group>"; };
		E2B059D81DA4906C0026DF8D /* RAMFrameItemAnimation.swift */ = {isa = PBXFileReference; fileEncoding = 4; lastKnownFileType = sourcecode.swift; path = RAMFrameItemAnimation.swift; sourceTree = "<group>"; };
		E2B059DA1DA4906C0026DF8D /* RAMFumeAnimation.swift */ = {isa = PBXFileReference; fileEncoding = 4; lastKnownFileType = sourcecode.swift; path = RAMFumeAnimation.swift; sourceTree = "<group>"; };
		E2B059DC1DA4906C0026DF8D /* RAMRotationAnimation.swift */ = {isa = PBXFileReference; fileEncoding = 4; lastKnownFileType = sourcecode.swift; path = RAMRotationAnimation.swift; sourceTree = "<group>"; };
		E2B059DE1DA4906C0026DF8D /* RAMTransitionItemAnimations.swift */ = {isa = PBXFileReference; fileEncoding = 4; lastKnownFileType = sourcecode.swift; path = RAMTransitionItemAnimations.swift; sourceTree = "<group>"; };
		E2B059DF1DA4906C0026DF8D /* RAMAnimatedTabBarController.swift */ = {isa = PBXFileReference; fileEncoding = 4; lastKnownFileType = sourcecode.swift; path = RAMAnimatedTabBarController.swift; sourceTree = "<group>"; };
		E2B059E11DA4906C0026DF8D /* RAMBadge.swift */ = {isa = PBXFileReference; fileEncoding = 4; lastKnownFileType = sourcecode.swift; path = RAMBadge.swift; sourceTree = "<group>"; };
		E2B059E21DA4906C0026DF8D /* RAMItemAnimationProtocol.swift */ = {isa = PBXFileReference; fileEncoding = 4; lastKnownFileType = sourcecode.swift; path = RAMItemAnimationProtocol.swift; sourceTree = "<group>"; };
		E2B059EB1DA490B20026DF8D /* Color+Extension.swift */ = {isa = PBXFileReference; fileEncoding = 4; lastKnownFileType = sourcecode.swift; name = "Color+Extension.swift"; path = "Class/Extension/Color+Extension.swift"; sourceTree = "<group>"; };
		E2B059EE1DA491890026DF8D /* UIView+Extension.swift */ = {isa = PBXFileReference; fileEncoding = 4; lastKnownFileType = sourcecode.swift; name = "UIView+Extension.swift"; path = "Class/Extension/UIView+Extension.swift"; sourceTree = "<group>"; };
		E2B059F01DA491B20026DF8D /* UIBarButtonItem+Extension.swift */ = {isa = PBXFileReference; fileEncoding = 4; lastKnownFileType = sourcecode.swift; name = "UIBarButtonItem+Extension.swift"; path = "Class/Extension/UIBarButtonItem+Extension.swift"; sourceTree = "<group>"; };
		E2B059F31DA4921D0026DF8D /* Theme.swift */ = {isa = PBXFileReference; fileEncoding = 4; lastKnownFileType = sourcecode.swift; name = Theme.swift; path = Class/Other/Theme.swift; sourceTree = "<group>"; };
		E2B059FC1DA493280026DF8D /* BaseViewController.swift */ = {isa = PBXFileReference; fileEncoding = 4; lastKnownFileType = sourcecode.swift; name = BaseViewController.swift; path = Class/LFBBase/BaseViewController.swift; sourceTree = "<group>"; };
		E2B059FE1DA493930026DF8D /* BaseNavigationController.swift */ = {isa = PBXFileReference; fileEncoding = 4; lastKnownFileType = sourcecode.swift; name = BaseNavigationController.swift; path = Class/LFBBase/BaseNavigationController.swift; sourceTree = "<group>"; };
		E2B05A001DA493C50026DF8D /* UpImageDownTextButton.swift */ = {isa = PBXFileReference; fileEncoding = 4; lastKnownFileType = sourcecode.swift; name = UpImageDownTextButton.swift; path = Class/LFBBase/UpImageDownTextButton.swift; sourceTree = "<group>"; };
		E2B05A021DA49D990026DF8D /* MainViewController.swift */ = {isa = PBXFileReference; fileEncoding = 4; lastKnownFileType = sourcecode.swift; name = MainViewController.swift; path = Class/LFBBase/MainViewController.swift; sourceTree = "<group>"; };
		E2B05A041DA4A1010026DF8D /* MineViewController.swift */ = {isa = PBXFileReference; fileEncoding = 4; lastKnownFileType = sourcecode.swift; name = MineViewController.swift; path = Class/Mine/MineViewController.swift; sourceTree = "<group>"; };
		E2B05A0A1DA4A6370026DF8D /* MineCell.swift */ = {isa = PBXFileReference; fileEncoding = 4; lastKnownFileType = sourcecode.swift; name = MineCell.swift; path = Class/Mine/MineCell.swift; sourceTree = "<group>"; };
		E2B05A0C1DA4A6540026DF8D /* MineHeadView.swift */ = {isa = PBXFileReference; fileEncoding = 4; lastKnownFileType = sourcecode.swift; name = MineHeadView.swift; path = Class/Mine/MineHeadView.swift; sourceTree = "<group>"; };
		E2B05A0D1DA4A6540026DF8D /* MineTabeHeadView.swift */ = {isa = PBXFileReference; fileEncoding = 4; lastKnownFileType = sourcecode.swift; name = MineTabeHeadView.swift; path = Class/Mine/MineTabeHeadView.swift; sourceTree = "<group>"; };
		E2B05A101DA4A9D20026DF8D /* BeeQuick-Bridging-Header.h */ = {isa = PBXFileReference; lastKnownFileType = sourcecode.c.h; path = "BeeQuick-Bridging-Header.h"; sourceTree = "<group>"; };
		E2B05A131DA4BFAB0026DF8D /* ShopCartViewController.swift */ = {isa = PBXFileReference; fileEncoding = 4; lastKnownFileType = sourcecode.swift; name = ShopCartViewController.swift; path = Class/ShopCart/ShopCartViewController.swift; sourceTree = "<group>"; };
		E2B05A151DA4BFE60026DF8D /* ScheduleViewController.swift */ = {isa = PBXFileReference; fileEncoding = 4; lastKnownFileType = sourcecode.swift; name = ScheduleViewController.swift; path = Class/FreshReserve/ScheduleViewController.swift; sourceTree = "<group>"; };
		E2B05A171DA4C01E0026DF8D /* SupermarketViewController.swift */ = {isa = PBXFileReference; fileEncoding = 4; lastKnownFileType = sourcecode.swift; name = SupermarketViewController.swift; path = Class/SuperMarket/SupermarketViewController.swift; sourceTree = "<group>"; };
		E2B05A191DA4C0490026DF8D /* HomeViewController.swift */ = {isa = PBXFileReference; fileEncoding = 4; lastKnownFileType = sourcecode.swift; name = HomeViewController.swift; path = Class/Home/HomeViewController.swift; sourceTree = "<group>"; };
/* End PBXFileReference section */

/* Begin PBXFrameworksBuildPhase section */
		E22B15F71DA39B2B0077B4A8 /* Frameworks */ = {
			isa = PBXFrameworksBuildPhase;
			buildActionMask = 2147483647;
			files = (
				74DCFB49F48684611C4DF359 /* Pods_BeeQuick.framework in Frameworks */,
			);
			runOnlyForDeploymentPostprocessing = 0;
		};
/* End PBXFrameworksBuildPhase section */

/* Begin PBXGroup section */
		E22B15F11DA39B2B0077B4A8 = {
			isa = PBXGroup;
			children = (
				E22B15FC1DA39B2C0077B4A8 /* BeeQuick */,
				E22B15FB1DA39B2C0077B4A8 /* Products */,
				F3F3BF8B10FA5FFDE602C01B /* Pods */,
				FF8CD2727C20A373C64B5722 /* Frameworks */,
			);
			sourceTree = "<group>";
		};
		E22B15FB1DA39B2C0077B4A8 /* Products */ = {
			isa = PBXGroup;
			children = (
				E22B15FA1DA39B2C0077B4A8 /* BeeQuick.app */,
			);
			name = Products;
			sourceTree = "<group>";
		};
		E22B15FC1DA39B2C0077B4A8 /* BeeQuick */ = {
			isa = PBXGroup;
			children = (
				E22B15FD1DA39B2C0077B4A8 /* AppDelegate.swift */,
				E2B05A101DA4A9D20026DF8D /* BeeQuick-Bridging-Header.h */,
				E2B059B91DA490220026DF8D /* Class */,
				E22B16011DA39B2C0077B4A8 /* Main.storyboard */,
				E22B16041DA39B2C0077B4A8 /* Assets.xcassets */,
				E22B16061DA39B2C0077B4A8 /* LaunchScreen.storyboard */,
				E22B16091DA39B2C0077B4A8 /* Info.plist */,
				E2B059B81DA48F390026DF8D /* Vender */,
			);
			path = BeeQuick;
			sourceTree = "<group>";
		};
		E2B059B81DA48F390026DF8D /* Vender */ = {
			isa = PBXGroup;
			children = (
			);
			name = Vender;
			sourceTree = "<group>";
		};
		E2B059B91DA490220026DF8D /* Class */ = {
			isa = PBXGroup;
			children = (
				E2B059F51DA492900026DF8D /* Home */,
				E2B059F71DA492A90026DF8D /* SuperMarket */,
				E2B059FB1DA492D20026DF8D /* FreshReserve */,
				E2B059FA1DA492C90026DF8D /* ShopCart */,
				E2B059F91DA492BE0026DF8D /* Mine */,
				E2B059F81DA492B50026DF8D /* LFBBase */,
				E2B059F21DA491F20026DF8D /* Other */,
				E2B059ED1DA490C90026DF8D /* Extension */,
				E2B059BA1DA490380026DF8D /* Vender */,
			);
			name = Class;
			sourceTree = "<group>";
		};
		E2B059BA1DA490380026DF8D /* Vender */ = {
			isa = PBXGroup;
			children = (
				E2B059D31DA4906C0026DF8D /* RAMAnimatedTabBarController */,
			);
			name = Vender;
			sourceTree = "<group>";
		};
		E2B059D31DA4906C0026DF8D /* RAMAnimatedTabBarController */ = {
			isa = PBXGroup;
			children = (
				E2B059D41DA4906C0026DF8D /* Animations */,
				E2B059DF1DA4906C0026DF8D /* RAMAnimatedTabBarController.swift */,
				E2B059E01DA4906C0026DF8D /* RAMBadge */,
				E2B059E21DA4906C0026DF8D /* RAMItemAnimationProtocol.swift */,
			);
			name = RAMAnimatedTabBarController;
			path = Class/Vender/RAMAnimatedTabBarController;
			sourceTree = "<group>";
		};
		E2B059D41DA4906C0026DF8D /* Animations */ = {
			isa = PBXGroup;
			children = (
				E2B059D51DA4906C0026DF8D /* BounceAnimation */,
				E2B059D71DA4906C0026DF8D /* FrameAnimation */,
				E2B059D91DA4906C0026DF8D /* FumeAnimation */,
				E2B059DB1DA4906C0026DF8D /* RotationAnimation */,
				E2B059DD1DA4906C0026DF8D /* TransitionAniamtions */,
			);
			path = Animations;
			sourceTree = "<group>";
		};
		E2B059D51DA4906C0026DF8D /* BounceAnimation */ = {
			isa = PBXGroup;
			children = (
				E2B059D61DA4906C0026DF8D /* RAMBounceAnimation.swift */,
			);
			path = BounceAnimation;
			sourceTree = "<group>";
		};
		E2B059D71DA4906C0026DF8D /* FrameAnimation */ = {
			isa = PBXGroup;
			children = (
				E2B059D81DA4906C0026DF8D /* RAMFrameItemAnimation.swift */,
			);
			path = FrameAnimation;
			sourceTree = "<group>";
		};
		E2B059D91DA4906C0026DF8D /* FumeAnimation */ = {
			isa = PBXGroup;
			children = (
				E2B059DA1DA4906C0026DF8D /* RAMFumeAnimation.swift */,
			);
			path = FumeAnimation;
			sourceTree = "<group>";
		};
		E2B059DB1DA4906C0026DF8D /* RotationAnimation */ = {
			isa = PBXGroup;
			children = (
				E2B059DC1DA4906C0026DF8D /* RAMRotationAnimation.swift */,
			);
			path = RotationAnimation;
			sourceTree = "<group>";
		};
		E2B059DD1DA4906C0026DF8D /* TransitionAniamtions */ = {
			isa = PBXGroup;
			children = (
				E2B059DE1DA4906C0026DF8D /* RAMTransitionItemAnimations.swift */,
			);
			path = TransitionAniamtions;
			sourceTree = "<group>";
		};
		E2B059E01DA4906C0026DF8D /* RAMBadge */ = {
			isa = PBXGroup;
			children = (
				E2B059E11DA4906C0026DF8D /* RAMBadge.swift */,
			);
			path = RAMBadge;
			sourceTree = "<group>";
		};
		E2B059ED1DA490C90026DF8D /* Extension */ = {
			isa = PBXGroup;
			children = (
				E2B059EB1DA490B20026DF8D /* Color+Extension.swift */,
				E2B059EE1DA491890026DF8D /* UIView+Extension.swift */,
				E2B059F01DA491B20026DF8D /* UIBarButtonItem+Extension.swift */,
			);
			name = Extension;
			sourceTree = "<group>";
		};
		E2B059F21DA491F20026DF8D /* Other */ = {
			isa = PBXGroup;
			children = (
				E2B059F31DA4921D0026DF8D /* Theme.swift */,
			);
			name = Other;
			sourceTree = "<group>";
		};
		E2B059F51DA492900026DF8D /* Home */ = {
			isa = PBXGroup;
			children = (
				E2B05A191DA4C0490026DF8D /* HomeViewController.swift */,
			);
			name = Home;
			sourceTree = "<group>";
		};
		E2B059F71DA492A90026DF8D /* SuperMarket */ = {
			isa = PBXGroup;
			children = (
				E2B05A171DA4C01E0026DF8D /* SupermarketViewController.swift */,
			);
			name = SuperMarket;
			sourceTree = "<group>";
		};
		E2B059F81DA492B50026DF8D /* LFBBase */ = {
			isa = PBXGroup;
			children = (
				E2B059FC1DA493280026DF8D /* BaseViewController.swift */,
				E2B059FE1DA493930026DF8D /* BaseNavigationController.swift */,
				E2B05A001DA493C50026DF8D /* UpImageDownTextButton.swift */,
				E2B05A021DA49D990026DF8D /* MainViewController.swift */,
			);
			name = LFBBase;
			sourceTree = "<group>";
		};
		E2B059F91DA492BE0026DF8D /* Mine */ = {
			isa = PBXGroup;
			children = (
				E2B05A0C1DA4A6540026DF8D /* MineHeadView.swift */,
				E2B05A0D1DA4A6540026DF8D /* MineTabeHeadView.swift */,
				E2B05A041DA4A1010026DF8D /* MineViewController.swift */,
				E2B05A0A1DA4A6370026DF8D /* MineCell.swift */,
			);
			name = Mine;
			sourceTree = "<group>";
		};
		E2B059FA1DA492C90026DF8D /* ShopCart */ = {
			isa = PBXGroup;
			children = (
				E2B05A131DA4BFAB0026DF8D /* ShopCartViewController.swift */,
			);
			name = ShopCart;
			sourceTree = "<group>";
		};
		E2B059FB1DA492D20026DF8D /* FreshReserve */ = {
			isa = PBXGroup;
			children = (
				E2B05A151DA4BFE60026DF8D /* ScheduleViewController.swift */,
			);
			name = FreshReserve;
			sourceTree = "<group>";
		};
		F3F3BF8B10FA5FFDE602C01B /* Pods */ = {
			isa = PBXGroup;
			children = (
				08F32452381760B8E967661D /* Pods-BeeQuick.debug.xcconfig */,
				7F8FE54073DEE97D18C042EB /* Pods-BeeQuick.release.xcconfig */,
			);
			name = Pods;
			sourceTree = "<group>";
		};
		FF8CD2727C20A373C64B5722 /* Frameworks */ = {
			isa = PBXGroup;
			children = (
				B87ED703511EABF6910E6EB5 /* Pods_BeeQuick.framework */,
			);
			name = Frameworks;
			sourceTree = "<group>";
		};
/* End PBXGroup section */

/* Begin PBXNativeTarget section */
		E22B15F91DA39B2B0077B4A8 /* BeeQuick */ = {
			isa = PBXNativeTarget;
			buildConfigurationList = E22B160C1DA39B2C0077B4A8 /* Build configuration list for PBXNativeTarget "BeeQuick" */;
			buildPhases = (
				0F2E080E0F62B0784744F5D6 /* [CP] Check Pods Manifest.lock */,
				E22B15F61DA39B2B0077B4A8 /* Sources */,
				E22B15F71DA39B2B0077B4A8 /* Frameworks */,
				E22B15F81DA39B2B0077B4A8 /* Resources */,
				A75DD1A0843A494B54D32290 /* [CP] Embed Pods Frameworks */,
				772FFFAC6C1C1F417D97EB61 /* [CP] Copy Pods Resources */,
			);
			buildRules = (
			);
			dependencies = (
			);
			name = BeeQuick;
			productName = BeeQuick;
			productReference = E22B15FA1DA39B2C0077B4A8 /* BeeQuick.app */;
			productType = "com.apple.product-type.application";
		};
/* End PBXNativeTarget section */

/* Begin PBXProject section */
		E22B15F21DA39B2B0077B4A8 /* Project object */ = {
			isa = PBXProject;
			attributes = {
				LastSwiftUpdateCheck = 0800;
				LastUpgradeCheck = 0800;
				ORGANIZATIONNAME = Alonso;
				TargetAttributes = {
					E22B15F91DA39B2B0077B4A8 = {
						CreatedOnToolsVersion = 8.0;
						DevelopmentTeam = 8LP5KW6GHL;
						LastSwiftMigration = 0800;
						ProvisioningStyle = Automatic;
					};
				};
			};
			buildConfigurationList = E22B15F51DA39B2B0077B4A8 /* Build configuration list for PBXProject "BeeQuick" */;
			compatibilityVersion = "Xcode 3.2";
			developmentRegion = English;
			hasScannedForEncodings = 0;
			knownRegions = (
				en,
				Base,
			);
			mainGroup = E22B15F11DA39B2B0077B4A8;
			productRefGroup = E22B15FB1DA39B2C0077B4A8 /* Products */;
			projectDirPath = "";
			projectRoot = "";
			targets = (
				E22B15F91DA39B2B0077B4A8 /* BeeQuick */,
			);
		};
/* End PBXProject section */

/* Begin PBXResourcesBuildPhase section */
		E22B15F81DA39B2B0077B4A8 /* Resources */ = {
			isa = PBXResourcesBuildPhase;
			buildActionMask = 2147483647;
			files = (
				E22B16081DA39B2C0077B4A8 /* LaunchScreen.storyboard in Resources */,
				E22B16051DA39B2C0077B4A8 /* Assets.xcassets in Resources */,
				E22B16031DA39B2C0077B4A8 /* Main.storyboard in Resources */,
			);
			runOnlyForDeploymentPostprocessing = 0;
		};
/* End PBXResourcesBuildPhase section */

/* Begin PBXShellScriptBuildPhase section */
		0F2E080E0F62B0784744F5D6 /* [CP] Check Pods Manifest.lock */ = {
			isa = PBXShellScriptBuildPhase;
			buildActionMask = 2147483647;
			files = (
			);
			inputPaths = (
			);
			name = "[CP] Check Pods Manifest.lock";
			outputPaths = (
			);
			runOnlyForDeploymentPostprocessing = 0;
			shellPath = /bin/sh;
			shellScript = "diff \"${PODS_ROOT}/../Podfile.lock\" \"${PODS_ROOT}/Manifest.lock\" > /dev/null\nif [[ $? != 0 ]] ; then\n    cat << EOM\nerror: The sandbox is not in sync with the Podfile.lock. Run 'pod install' or update your CocoaPods installation.\nEOM\n    exit 1\nfi\n";
			showEnvVarsInLog = 0;
		};
		772FFFAC6C1C1F417D97EB61 /* [CP] Copy Pods Resources */ = {
			isa = PBXShellScriptBuildPhase;
			buildActionMask = 2147483647;
			files = (
			);
			inputPaths = (
			);
			name = "[CP] Copy Pods Resources";
			outputPaths = (
			);
			runOnlyForDeploymentPostprocessing = 0;
			shellPath = /bin/sh;
			shellScript = "\"${SRCROOT}/Pods/Target Support Files/Pods-BeeQuick/Pods-BeeQuick-resources.sh\"\n";
			showEnvVarsInLog = 0;
		};
		A75DD1A0843A494B54D32290 /* [CP] Embed Pods Frameworks */ = {
			isa = PBXShellScriptBuildPhase;
			buildActionMask = 2147483647;
			files = (
			);
			inputPaths = (
			);
			name = "[CP] Embed Pods Frameworks";
			outputPaths = (
			);
			runOnlyForDeploymentPostprocessing = 0;
			shellPath = /bin/sh;
			shellScript = "\"${SRCROOT}/Pods/Target Support Files/Pods-BeeQuick/Pods-BeeQuick-frameworks.sh\"\n";
			showEnvVarsInLog = 0;
		};
/* End PBXShellScriptBuildPhase section */

/* Begin PBXSourcesBuildPhase section */
		E22B15F61DA39B2B0077B4A8 /* Sources */ = {
			isa = PBXSourcesBuildPhase;
			buildActionMask = 2147483647;
			files = (
				E2B05A1A1DA4C0490026DF8D /* HomeViewController.swift in Sources */,
				E2B059E51DA4906C0026DF8D /* RAMFumeAnimation.swift in Sources */,
				E2B059E71DA4906C0026DF8D /* RAMTransitionItemAnimations.swift in Sources */,
				E2B059E41DA4906C0026DF8D /* RAMFrameItemAnimation.swift in Sources */,
				E2B05A0F1DA4A6540026DF8D /* MineTabeHeadView.swift in Sources */,
				E2B059E31DA4906C0026DF8D /* RAMBounceAnimation.swift in Sources */,
				E2B059EA1DA4906C0026DF8D /* RAMItemAnimationProtocol.swift in Sources */,
				E2B05A011DA493C50026DF8D /* UpImageDownTextButton.swift in Sources */,
				E2B05A161DA4BFE60026DF8D /* ScheduleViewController.swift in Sources */,
				E2B059FD1DA493280026DF8D /* BaseViewController.swift in Sources */,
				E2B059E91DA4906C0026DF8D /* RAMBadge.swift in Sources */,
				E2B059EF1DA491890026DF8D /* UIView+Extension.swift in Sources */,
				E2B059FF1DA493930026DF8D /* BaseNavigationController.swift in Sources */,
				E2B05A181DA4C01E0026DF8D /* SupermarketViewController.swift in Sources */,
				E2B05A0B1DA4A6370026DF8D /* MineCell.swift in Sources */,
				E2B059E81DA4906C0026DF8D /* RAMAnimatedTabBarController.swift in Sources */,
				E2B05A0E1DA4A6540026DF8D /* MineHeadView.swift in Sources */,
				E22B15FE1DA39B2C0077B4A8 /* AppDelegate.swift in Sources */,
				E2B059EC1DA490B20026DF8D /* Color+Extension.swift in Sources */,
				E2B05A141DA4BFAB0026DF8D /* ShopCartViewController.swift in Sources */,
				E2B059E61DA4906C0026DF8D /* RAMRotationAnimation.swift in Sources */,
				E2B05A051DA4A1010026DF8D /* MineViewController.swift in Sources */,
				E2B05A031DA49D990026DF8D /* MainViewController.swift in Sources */,
				E2B059F11DA491B20026DF8D /* UIBarButtonItem+Extension.swift in Sources */,
				E2B059F41DA4921D0026DF8D /* Theme.swift in Sources */,
			);
			runOnlyForDeploymentPostprocessing = 0;
		};
/* End PBXSourcesBuildPhase section */

/* Begin PBXVariantGroup section */
		E22B16011DA39B2C0077B4A8 /* Main.storyboard */ = {
			isa = PBXVariantGroup;
			children = (
				E22B16021DA39B2C0077B4A8 /* Base */,
			);
			name = Main.storyboard;
			sourceTree = "<group>";
		};
		E22B16061DA39B2C0077B4A8 /* LaunchScreen.storyboard */ = {
			isa = PBXVariantGroup;
			children = (
				E22B16071DA39B2C0077B4A8 /* Base */,
			);
			name = LaunchScreen.storyboard;
			sourceTree = "<group>";
		};
/* End PBXVariantGroup section */

/* Begin XCBuildConfiguration section */
		E22B160A1DA39B2C0077B4A8 /* Debug */ = {
			isa = XCBuildConfiguration;
			buildSettings = {
				ALWAYS_SEARCH_USER_PATHS = NO;
				CLANG_ANALYZER_NONNULL = YES;
				CLANG_CXX_LANGUAGE_STANDARD = "gnu++0x";
				CLANG_CXX_LIBRARY = "libc++";
				CLANG_ENABLE_MODULES = YES;
				CLANG_ENABLE_OBJC_ARC = YES;
				CLANG_WARN_BOOL_CONVERSION = YES;
				CLANG_WARN_CONSTANT_CONVERSION = YES;
				CLANG_WARN_DIRECT_OBJC_ISA_USAGE = YES_ERROR;
				CLANG_WARN_DOCUMENTATION_COMMENTS = YES;
				CLANG_WARN_EMPTY_BODY = YES;
				CLANG_WARN_ENUM_CONVERSION = YES;
				CLANG_WARN_INFINITE_RECURSION = YES;
				CLANG_WARN_INT_CONVERSION = YES;
				CLANG_WARN_OBJC_ROOT_CLASS = YES_ERROR;
				CLANG_WARN_SUSPICIOUS_MOVE = YES;
				CLANG_WARN_SUSPICIOUS_MOVES = YES;
				CLANG_WARN_UNREACHABLE_CODE = YES;
				CLANG_WARN__DUPLICATE_METHOD_MATCH = YES;
				"CODE_SIGN_IDENTITY[sdk=iphoneos*]" = "iPhone Developer";
				COPY_PHASE_STRIP = NO;
				DEBUG_INFORMATION_FORMAT = dwarf;
				ENABLE_STRICT_OBJC_MSGSEND = YES;
				ENABLE_TESTABILITY = YES;
				GCC_C_LANGUAGE_STANDARD = gnu99;
				GCC_DYNAMIC_NO_PIC = NO;
				GCC_NO_COMMON_BLOCKS = YES;
				GCC_OPTIMIZATION_LEVEL = 0;
				GCC_PREPROCESSOR_DEFINITIONS = (
					"DEBUG=1",
					"$(inherited)",
				);
				GCC_WARN_64_TO_32_BIT_CONVERSION = YES;
				GCC_WARN_ABOUT_RETURN_TYPE = YES_ERROR;
				GCC_WARN_UNDECLARED_SELECTOR = YES;
				GCC_WARN_UNINITIALIZED_AUTOS = YES_AGGRESSIVE;
				GCC_WARN_UNUSED_FUNCTION = YES;
				GCC_WARN_UNUSED_VARIABLE = YES;
				IPHONEOS_DEPLOYMENT_TARGET = 10.0;
				MTL_ENABLE_DEBUG_INFO = YES;
				ONLY_ACTIVE_ARCH = YES;
				SDKROOT = iphoneos;
				SWIFT_ACTIVE_COMPILATION_CONDITIONS = DEBUG;
				SWIFT_OPTIMIZATION_LEVEL = "-Onone";
			};
			name = Debug;
		};
		E22B160B1DA39B2C0077B4A8 /* Release */ = {
			isa = XCBuildConfiguration;
			buildSettings = {
				ALWAYS_SEARCH_USER_PATHS = NO;
				CLANG_ANALYZER_NONNULL = YES;
				CLANG_CXX_LANGUAGE_STANDARD = "gnu++0x";
				CLANG_CXX_LIBRARY = "libc++";
				CLANG_ENABLE_MODULES = YES;
				CLANG_ENABLE_OBJC_ARC = YES;
				CLANG_WARN_BOOL_CONVERSION = YES;
				CLANG_WARN_CONSTANT_CONVERSION = YES;
				CLANG_WARN_DIRECT_OBJC_ISA_USAGE = YES_ERROR;
				CLANG_WARN_DOCUMENTATION_COMMENTS = YES;
				CLANG_WARN_EMPTY_BODY = YES;
				CLANG_WARN_ENUM_CONVERSION = YES;
				CLANG_WARN_INFINITE_RECURSION = YES;
				CLANG_WARN_INT_CONVERSION = YES;
				CLANG_WARN_OBJC_ROOT_CLASS = YES_ERROR;
				CLANG_WARN_SUSPICIOUS_MOVE = YES;
				CLANG_WARN_SUSPICIOUS_MOVES = YES;
				CLANG_WARN_UNREACHABLE_CODE = YES;
				CLANG_WARN__DUPLICATE_METHOD_MATCH = YES;
				"CODE_SIGN_IDENTITY[sdk=iphoneos*]" = "iPhone Developer";
				COPY_PHASE_STRIP = NO;
				DEBUG_INFORMATION_FORMAT = "dwarf-with-dsym";
				ENABLE_NS_ASSERTIONS = NO;
				ENABLE_STRICT_OBJC_MSGSEND = YES;
				GCC_C_LANGUAGE_STANDARD = gnu99;
				GCC_NO_COMMON_BLOCKS = YES;
				GCC_WARN_64_TO_32_BIT_CONVERSION = YES;
				GCC_WARN_ABOUT_RETURN_TYPE = YES_ERROR;
				GCC_WARN_UNDECLARED_SELECTOR = YES;
				GCC_WARN_UNINITIALIZED_AUTOS = YES_AGGRESSIVE;
				GCC_WARN_UNUSED_FUNCTION = YES;
				GCC_WARN_UNUSED_VARIABLE = YES;
				IPHONEOS_DEPLOYMENT_TARGET = 10.0;
				MTL_ENABLE_DEBUG_INFO = NO;
				SDKROOT = iphoneos;
				SWIFT_OPTIMIZATION_LEVEL = "-Owholemodule";
				VALIDATE_PRODUCT = YES;
			};
			name = Release;
		};
		E22B160D1DA39B2C0077B4A8 /* Debug */ = {
			isa = XCBuildConfiguration;
			baseConfigurationReference = 08F32452381760B8E967661D /* Pods-BeeQuick.debug.xcconfig */;
			buildSettings = {
				ASSETCATALOG_COMPILER_APPICON_NAME = AppIcon;
				CLANG_ENABLE_MODULES = YES;
				DEVELOPMENT_TEAM = 8LP5KW6GHL;
				INFOPLIST_FILE = BeeQuick/Info.plist;
				LD_RUNPATH_SEARCH_PATHS = "$(inherited) @executable_path/Frameworks";
				PRODUCT_BUNDLE_IDENTIFIER = space.zhangwu.BeeQuick;
				PRODUCT_NAME = "$(TARGET_NAME)";
				SWIFT_OBJC_BRIDGING_HEADER = "BeeQuick/BeeQuick-Bridging-Header.h";
				SWIFT_OPTIMIZATION_LEVEL = "-Onone";
				SWIFT_VERSION = 3.0;
			};
			name = Debug;
		};
		E22B160E1DA39B2C0077B4A8 /* Release */ = {
			isa = XCBuildConfiguration;
			baseConfigurationReference = 7F8FE54073DEE97D18C042EB /* Pods-BeeQuick.release.xcconfig */;
			buildSettings = {
				ASSETCATALOG_COMPILER_APPICON_NAME = AppIcon;
				CLANG_ENABLE_MODULES = YES;
				DEVELOPMENT_TEAM = 8LP5KW6GHL;
				INFOPLIST_FILE = BeeQuick/Info.plist;
				LD_RUNPATH_SEARCH_PATHS = "$(inherited) @executable_path/Frameworks";
				PRODUCT_BUNDLE_IDENTIFIER = space.zhangwu.BeeQuick;
				PRODUCT_NAME = "$(TARGET_NAME)";
				SWIFT_OBJC_BRIDGING_HEADER = "BeeQuick/BeeQuick-Bridging-Header.h";
				SWIFT_VERSION = 3.0;
			};
			name = Release;
		};
/* End XCBuildConfiguration section */

/* Begin XCConfigurationList section */
		E22B15F51DA39B2B0077B4A8 /* Build configuration list for PBXProject "BeeQuick" */ = {
			isa = XCConfigurationList;
			buildConfigurations = (
				E22B160A1DA39B2C0077B4A8 /* Debug */,
				E22B160B1DA39B2C0077B4A8 /* Release */,
			);
			defaultConfigurationIsVisible = 0;
			defaultConfigurationName = Release;
		};
		E22B160C1DA39B2C0077B4A8 /* Build configuration list for PBXNativeTarget "BeeQuick" */ = {
			isa = XCConfigurationList;
			buildConfigurations = (
				E22B160D1DA39B2C0077B4A8 /* Debug */,
				E22B160E1DA39B2C0077B4A8 /* Release */,
			);
			defaultConfigurationIsVisible = 0;
			defaultConfigurationName = Release;
		};
/* End XCConfigurationList section */
	};
	rootObject = E22B15F21DA39B2B0077B4A8 /* Project object */;
}
